// !$*UTF8*$!
{
	archiveVersion = 1;
	classes = {
	};
	objectVersion = 52;
	objects = {

/* Begin PBXBuildFile section */
		2B11251F275591FE00C28FAD /* News.swift in Sources */ = {isa = PBXBuildFile; fileRef = 2B11251E275591FE00C28FAD /* News.swift */; };
		2B11252727580FF600C28FAD /* NewsService.swift in Sources */ = {isa = PBXBuildFile; fileRef = 2B11252627580FF600C28FAD /* NewsService.swift */; };
		2B11252A27582AB800C28FAD /* DateFormatter+Date.swift in Sources */ = {isa = PBXBuildFile; fileRef = 2B11252927582AB800C28FAD /* DateFormatter+Date.swift */; };
		2B11252E27582C7D00C28FAD /* QRScene.swift in Sources */ = {isa = PBXBuildFile; fileRef = 2B11252D27582C7D00C28FAD /* QRScene.swift */; };
		2B11253227582C9600C28FAD /* QRViewModel.swift in Sources */ = {isa = PBXBuildFile; fileRef = 2B11253127582C9600C28FAD /* QRViewModel.swift */; };
		2B112535275837D000C28FAD /* AuthManager.swift in Sources */ = {isa = PBXBuildFile; fileRef = 2B112534275837D000C28FAD /* AuthManager.swift */; };
		2B11253927592AA200C28FAD /* Activity.swift in Sources */ = {isa = PBXBuildFile; fileRef = 2B11253827592AA200C28FAD /* Activity.swift */; };
		2B11253C2759303000C28FAD /* ActivitiesService.swift in Sources */ = {isa = PBXBuildFile; fileRef = 2B11253B2759303000C28FAD /* ActivitiesService.swift */; };
		2B1E06B1274EFE6000B53E79 /* LoginScene.swift in Sources */ = {isa = PBXBuildFile; fileRef = 2B1E06B0274EFE6000B53E79 /* LoginScene.swift */; };
		2B1E06B8274EFFA100B53E79 /* AuthService.swift in Sources */ = {isa = PBXBuildFile; fileRef = 2B1E06B7274EFFA100B53E79 /* AuthService.swift */; };
		2B1E06BB274EFFDB00B53E79 /* Services.swift in Sources */ = {isa = PBXBuildFile; fileRef = 2B1E06BA274EFFDB00B53E79 /* Services.swift */; };
		2B1E06BE274F012000B53E79 /* LaunchScene.swift in Sources */ = {isa = PBXBuildFile; fileRef = 2B1E06BD274F012000B53E79 /* LaunchScene.swift */; };
		2B1E06CC274F049400B53E79 /* LaunchViewModel.swift in Sources */ = {isa = PBXBuildFile; fileRef = 2B1E06CB274F049400B53E79 /* LaunchViewModel.swift */; };
		2B1E06E4274FEFF600B53E79 /* NetworkManager.swift in Sources */ = {isa = PBXBuildFile; fileRef = 2B1E06E3274FEFF600B53E79 /* NetworkManager.swift */; };
		2B2C015D27502F2300CFCC3B /* LoginViewModel.swift in Sources */ = {isa = PBXBuildFile; fileRef = 2B2C015C27502F2300CFCC3B /* LoginViewModel.swift */; };
		2B666926275EAFF00037F9A2 /* CodeScanner.swift in Sources */ = {isa = PBXBuildFile; fileRef = 2B666925275EAFF00037F9A2 /* CodeScanner.swift */; };
		2B66692A275EB2480037F9A2 /* UsePointsScene.swift in Sources */ = {isa = PBXBuildFile; fileRef = 2B666929275EB2470037F9A2 /* UsePointsScene.swift */; };
		2B66692D275EB2520037F9A2 /* UsePointsViewModel.swift in Sources */ = {isa = PBXBuildFile; fileRef = 2B66692C275EB2520037F9A2 /* UsePointsViewModel.swift */; };
		2B73F9FF275CD15900A14415 /* IBMPlexSans-Text.ttf in Resources */ = {isa = PBXBuildFile; fileRef = 2B73F9E7275CD15800A14415 /* IBMPlexSans-Text.ttf */; };
		2B73FA00275CD15900A14415 /* IBMPlexSans-SemiBoldItalic.ttf in Resources */ = {isa = PBXBuildFile; fileRef = 2B73F9E8275CD15800A14415 /* IBMPlexSans-SemiBoldItalic.ttf */; };
		2B73FA01275CD15900A14415 /* IBMPlexSans-Medium.ttf in Resources */ = {isa = PBXBuildFile; fileRef = 2B73F9E9275CD15800A14415 /* IBMPlexSans-Medium.ttf */; };
		2B73FA02275CD15900A14415 /* IBMPlexSans-TextItalic.ttf in Resources */ = {isa = PBXBuildFile; fileRef = 2B73F9EA275CD15800A14415 /* IBMPlexSans-TextItalic.ttf */; };
		2B73FA03275CD15900A14415 /* IBMPlexSans-SemiBold.ttf in Resources */ = {isa = PBXBuildFile; fileRef = 2B73F9EB275CD15800A14415 /* IBMPlexSans-SemiBold.ttf */; };
		2B73FA04275CD15900A14415 /* IBMPlexSans-MediumItalic.ttf in Resources */ = {isa = PBXBuildFile; fileRef = 2B73F9EC275CD15800A14415 /* IBMPlexSans-MediumItalic.ttf */; };
		2B73FA05275CD15900A14415 /* IBMPlexSans-LightItalic.ttf in Resources */ = {isa = PBXBuildFile; fileRef = 2B73F9ED275CD15800A14415 /* IBMPlexSans-LightItalic.ttf */; };
		2B73FA06275CD15900A14415 /* IBMPlexSans-ExtraLight.ttf in Resources */ = {isa = PBXBuildFile; fileRef = 2B73F9EE275CD15800A14415 /* IBMPlexSans-ExtraLight.ttf */; };
		2B73FA07275CD15900A14415 /* IBMPlexSans-Thin.ttf in Resources */ = {isa = PBXBuildFile; fileRef = 2B73F9EF275CD15800A14415 /* IBMPlexSans-Thin.ttf */; };
		2B73FA08275CD15900A14415 /* IBMPlexSans-ThinItalic.ttf in Resources */ = {isa = PBXBuildFile; fileRef = 2B73F9F0275CD15800A14415 /* IBMPlexSans-ThinItalic.ttf */; };
		2B73FA09275CD15900A14415 /* IBMPlexSans-BoldItalic.ttf in Resources */ = {isa = PBXBuildFile; fileRef = 2B73F9F1275CD15800A14415 /* IBMPlexSans-BoldItalic.ttf */; };
		2B73FA0A275CD15900A14415 /* IBMPlexSans-Light.ttf in Resources */ = {isa = PBXBuildFile; fileRef = 2B73F9F2275CD15800A14415 /* IBMPlexSans-Light.ttf */; };
		2B73FA0B275CD15900A14415 /* IBMPlexSans-Italic.ttf in Resources */ = {isa = PBXBuildFile; fileRef = 2B73F9F3275CD15800A14415 /* IBMPlexSans-Italic.ttf */; };
		2B73FA0C275CD15900A14415 /* IBMPlexSans-Regular.ttf in Resources */ = {isa = PBXBuildFile; fileRef = 2B73F9F4275CD15800A14415 /* IBMPlexSans-Regular.ttf */; };
		2B73FA0D275CD15900A14415 /* IBMPlexSans-ExtraLightItalic.ttf in Resources */ = {isa = PBXBuildFile; fileRef = 2B73F9F5275CD15800A14415 /* IBMPlexSans-ExtraLightItalic.ttf */; };
		2B73FA0E275CD15900A14415 /* IBMPlexSans-Bold.ttf in Resources */ = {isa = PBXBuildFile; fileRef = 2B73F9F6275CD15800A14415 /* IBMPlexSans-Bold.ttf */; };
		2B73FA0F275CD15900A14415 /* SourceSansPro-Regular.ttf in Resources */ = {isa = PBXBuildFile; fileRef = 2B73F9F8275CD15900A14415 /* SourceSansPro-Regular.ttf */; };
		2B73FA10275CD15900A14415 /* SourceSansPro-Bold.ttf in Resources */ = {isa = PBXBuildFile; fileRef = 2B73F9F9275CD15900A14415 /* SourceSansPro-Bold.ttf */; };
		2B73FA11275CD15900A14415 /* SourceSansPro-Light.ttf in Resources */ = {isa = PBXBuildFile; fileRef = 2B73F9FA275CD15900A14415 /* SourceSansPro-Light.ttf */; };
		2B73FA12275CD15900A14415 /* SourceSansPro-Black.ttf in Resources */ = {isa = PBXBuildFile; fileRef = 2B73F9FB275CD15900A14415 /* SourceSansPro-Black.ttf */; };
		2B73FA13275CD15900A14415 /* SourceSansPro-ExtraLight.ttf in Resources */ = {isa = PBXBuildFile; fileRef = 2B73F9FC275CD15900A14415 /* SourceSansPro-ExtraLight.ttf */; };
		2B73FA14275CD15900A14415 /* SourceSansPro-BoldItalic.ttf in Resources */ = {isa = PBXBuildFile; fileRef = 2B73F9FD275CD15900A14415 /* SourceSansPro-BoldItalic.ttf */; };
		2B73FA15275CD15900A14415 /* SourceSansPro-Semibold.ttf in Resources */ = {isa = PBXBuildFile; fileRef = 2B73F9FE275CD15900A14415 /* SourceSansPro-Semibold.ttf */; };
		2B73FA1A275CD40700A14415 /* Font+Extension.swift in Sources */ = {isa = PBXBuildFile; fileRef = 2B73FA19275CD40700A14415 /* Font+Extension.swift */; };
		2B73FA1D275CD84500A14415 /* Images.swift in Sources */ = {isa = PBXBuildFile; fileRef = 2B73FA1C275CD84500A14415 /* Images.swift */; };
		2B73FA23275CDDFA00A14415 /* BFButton.swift in Sources */ = {isa = PBXBuildFile; fileRef = 2B73FA22275CDDFA00A14415 /* BFButton.swift */; };
		2B81A4CC27504EA2004A2356 /* GoogleService-Info.plist in Resources */ = {isa = PBXBuildFile; fileRef = 2B81A4CB27504EA2004A2356 /* GoogleService-Info.plist */; };
		2B81A4DE275156A5004A2356 /* ConfirmSMSScene.swift in Sources */ = {isa = PBXBuildFile; fileRef = 2B81A4DD275156A5004A2356 /* ConfirmSMSScene.swift */; };
		2B81A4E2275156BE004A2356 /* ConfirmSMSViewModel.swift in Sources */ = {isa = PBXBuildFile; fileRef = 2B81A4E1275156BE004A2356 /* ConfirmSMSViewModel.swift */; };
		2B81A4E6275285F1004A2356 /* DataService.swift in Sources */ = {isa = PBXBuildFile; fileRef = 2B81A4E5275285F1004A2356 /* DataService.swift */; };
		2B93BDE327503F0D0006BF24 /* LoginRouter.swift in Sources */ = {isa = PBXBuildFile; fileRef = 2B93BDE227503F0D0006BF24 /* LoginRouter.swift */; };
		2B93BDE627503F2E0006BF24 /* AppRouter.swift in Sources */ = {isa = PBXBuildFile; fileRef = 2B93BDE527503F2E0006BF24 /* AppRouter.swift */; };
		2B93BDE927503FEC0006BF24 /* Logger.swift in Sources */ = {isa = PBXBuildFile; fileRef = 2B93BDE827503FEC0006BF24 /* Logger.swift */; };
		2B93BDF2275043E60006BF24 /* TabBarRouter.swift in Sources */ = {isa = PBXBuildFile; fileRef = 2B93BDF1275043E60006BF24 /* TabBarRouter.swift */; };
		2BE60C63274EFC310004E268 /* BonusFactoryApp.swift in Sources */ = {isa = PBXBuildFile; fileRef = 2BE60C62274EFC310004E268 /* BonusFactoryApp.swift */; };
		2BE60C67274EFC3A0004E268 /* Assets.xcassets in Resources */ = {isa = PBXBuildFile; fileRef = 2BE60C66274EFC3A0004E268 /* Assets.xcassets */; };
		2BE60C6A274EFC3A0004E268 /* Preview Assets.xcassets in Resources */ = {isa = PBXBuildFile; fileRef = 2BE60C69274EFC3A0004E268 /* Preview Assets.xcassets */; };
		2BE8CFFA27543B22001C3CB4 /* ProfileService.swift in Sources */ = {isa = PBXBuildFile; fileRef = 2BE8CFF927543B22001C3CB4 /* ProfileService.swift */; };
		2BE8CFFD27543C0B001C3CB4 /* DataManager.swif.swift in Sources */ = {isa = PBXBuildFile; fileRef = 2BE8CFFC27543C0B001C3CB4 /* DataManager.swif.swift */; };
		2BE8D0012754F45D001C3CB4 /* DashboardScene.swift in Sources */ = {isa = PBXBuildFile; fileRef = 2BE8D0002754F45D001C3CB4 /* DashboardScene.swift */; };
		2BE8D0042754F46B001C3CB4 /* DashboardViewModel.swift in Sources */ = {isa = PBXBuildFile; fileRef = 2BE8D0032754F46B001C3CB4 /* DashboardViewModel.swift */; };
		2BE8D0082754F8AC001C3CB4 /* Profile.swift in Sources */ = {isa = PBXBuildFile; fileRef = 2BE8D0072754F8AC001C3CB4 /* Profile.swift */; };
		2BE8D00C2754FA02001C3CB4 /* CodableExtension.swift in Sources */ = {isa = PBXBuildFile; fileRef = 2BE8D00B2754FA02001C3CB4 /* CodableExtension.swift */; };
		2BE8D01227554ABD001C3CB4 /* OrganizationService.swift in Sources */ = {isa = PBXBuildFile; fileRef = 2BE8D01127554ABD001C3CB4 /* OrganizationService.swift */; };
		2BE8D01527554D87001C3CB4 /* Organization.swift in Sources */ = {isa = PBXBuildFile; fileRef = 2BE8D01427554D87001C3CB4 /* Organization.swift */; };
		2BE8D01827555187001C3CB4 /* EnumDecodable.swift in Sources */ = {isa = PBXBuildFile; fileRef = 2BE8D01727555187001C3CB4 /* EnumDecodable.swift */; };
		2BEBE81C2764B4E000082467 /* FirebaseFirestore in Frameworks */ = {isa = PBXBuildFile; productRef = 2BEBE81B2764B4E000082467 /* FirebaseFirestore */; };
		2BEBE81E2764B4E000082467 /* FirebaseAnalyticsWithoutAdIdSupport in Frameworks */ = {isa = PBXBuildFile; productRef = 2BEBE81D2764B4E000082467 /* FirebaseAnalyticsWithoutAdIdSupport */; };
		2BEBE8202764B4E000082467 /* FirebaseDatabase in Frameworks */ = {isa = PBXBuildFile; productRef = 2BEBE81F2764B4E000082467 /* FirebaseDatabase */; };
		2BEBE8222764B4E000082467 /* FirebaseAuthCombine-Community in Frameworks */ = {isa = PBXBuildFile; productRef = 2BEBE8212764B4E000082467 /* FirebaseAuthCombine-Community */; };
		2BEBE8242764B4E000082467 /* FirebaseStorageCombine-Community in Frameworks */ = {isa = PBXBuildFile; productRef = 2BEBE8232764B4E000082467 /* FirebaseStorageCombine-Community */; };
		2BEBE8262764B4E000082467 /* FirebaseStorage in Frameworks */ = {isa = PBXBuildFile; productRef = 2BEBE8252764B4E000082467 /* FirebaseStorage */; };
		2BEBE8282764B4E000082467 /* FirebaseFunctions in Frameworks */ = {isa = PBXBuildFile; productRef = 2BEBE8272764B4E000082467 /* FirebaseFunctions */; };
		2BEBE82A2764B4E000082467 /* FirebaseRemoteConfig in Frameworks */ = {isa = PBXBuildFile; productRef = 2BEBE8292764B4E000082467 /* FirebaseRemoteConfig */; };
		2BEBE82C2764B4E000082467 /* FirebaseAuth in Frameworks */ = {isa = PBXBuildFile; productRef = 2BEBE82B2764B4E000082467 /* FirebaseAuth */; };
		2BEBE82E2764B4E000082467 /* FirebaseFirestoreCombine-Community in Frameworks */ = {isa = PBXBuildFile; productRef = 2BEBE82D2764B4E000082467 /* FirebaseFirestoreCombine-Community */; };
		2BEBE8312764B57300082467 /* BFError.swift in Sources */ = {isa = PBXBuildFile; fileRef = 2BEBE8302764B57300082467 /* BFError.swift */; };
		2BEBE8342764B60F00082467 /* StorageManager.swift in Sources */ = {isa = PBXBuildFile; fileRef = 2BEBE8332764B60F00082467 /* StorageManager.swift */; };
		2BEBE8382764BB6900082467 /* ImagePicker.swift in Sources */ = {isa = PBXBuildFile; fileRef = 2BEBE8372764BB6900082467 /* ImagePicker.swift */; };
		2BEBE83C2764BD9200082467 /* ManageNewsScene.swift in Sources */ = {isa = PBXBuildFile; fileRef = 2BEBE83B2764BD9200082467 /* ManageNewsScene.swift */; };
		2BEBE83F2764BD9E00082467 /* ManageNewsViewModel.swift in Sources */ = {isa = PBXBuildFile; fileRef = 2BEBE83E2764BD9E00082467 /* ManageNewsViewModel.swift */; };
		2BEBE8482764E68100082467 /* AsyncImage.swift in Sources */ = {isa = PBXBuildFile; fileRef = 2BEBE8432764E68000082467 /* AsyncImage.swift */; };
		2BEBE8492764E68100082467 /* ContentView.swift in Sources */ = {isa = PBXBuildFile; fileRef = 2BEBE8442764E68000082467 /* ContentView.swift */; };
		2BEBE84A2764E68100082467 /* ImageCache.swift in Sources */ = {isa = PBXBuildFile; fileRef = 2BEBE8452764E68000082467 /* ImageCache.swift */; };
		2BEBE84B2764E68100082467 /* ImageLoader.swift in Sources */ = {isa = PBXBuildFile; fileRef = 2BEBE8462764E68000082467 /* ImageLoader.swift */; };
		2BEBE84C2764E68100082467 /* EnvironmentValues+ImageCache.swift in Sources */ = {isa = PBXBuildFile; fileRef = 2BEBE8472764E68100082467 /* EnvironmentValues+ImageCache.swift */; };
/* End PBXBuildFile section */

/* Begin PBXFileReference section */
		2B11251E275591FE00C28FAD /* News.swift */ = {isa = PBXFileReference; lastKnownFileType = sourcecode.swift; path = News.swift; sourceTree = "<group>"; };
		2B11252627580FF600C28FAD /* NewsService.swift */ = {isa = PBXFileReference; lastKnownFileType = sourcecode.swift; path = NewsService.swift; sourceTree = "<group>"; };
		2B11252927582AB800C28FAD /* DateFormatter+Date.swift */ = {isa = PBXFileReference; lastKnownFileType = sourcecode.swift; path = "DateFormatter+Date.swift"; sourceTree = "<group>"; };
		2B11252D27582C7D00C28FAD /* QRScene.swift */ = {isa = PBXFileReference; lastKnownFileType = sourcecode.swift; path = QRScene.swift; sourceTree = "<group>"; };
		2B11253127582C9600C28FAD /* QRViewModel.swift */ = {isa = PBXFileReference; lastKnownFileType = sourcecode.swift; path = QRViewModel.swift; sourceTree = "<group>"; };
		2B112534275837D000C28FAD /* AuthManager.swift */ = {isa = PBXFileReference; lastKnownFileType = sourcecode.swift; path = AuthManager.swift; sourceTree = "<group>"; };
		2B11253827592AA200C28FAD /* Activity.swift */ = {isa = PBXFileReference; lastKnownFileType = sourcecode.swift; path = Activity.swift; sourceTree = "<group>"; };
		2B11253B2759303000C28FAD /* ActivitiesService.swift */ = {isa = PBXFileReference; lastKnownFileType = sourcecode.swift; path = ActivitiesService.swift; sourceTree = "<group>"; };
		2B1E06B0274EFE6000B53E79 /* LoginScene.swift */ = {isa = PBXFileReference; lastKnownFileType = sourcecode.swift; path = LoginScene.swift; sourceTree = "<group>"; };
		2B1E06B7274EFFA100B53E79 /* AuthService.swift */ = {isa = PBXFileReference; lastKnownFileType = sourcecode.swift; path = AuthService.swift; sourceTree = "<group>"; };
		2B1E06BA274EFFDB00B53E79 /* Services.swift */ = {isa = PBXFileReference; lastKnownFileType = sourcecode.swift; path = Services.swift; sourceTree = "<group>"; };
		2B1E06BD274F012000B53E79 /* LaunchScene.swift */ = {isa = PBXFileReference; lastKnownFileType = sourcecode.swift; path = LaunchScene.swift; sourceTree = "<group>"; };
		2B1E06CB274F049400B53E79 /* LaunchViewModel.swift */ = {isa = PBXFileReference; lastKnownFileType = sourcecode.swift; path = LaunchViewModel.swift; sourceTree = "<group>"; };
		2B1E06E3274FEFF600B53E79 /* NetworkManager.swift */ = {isa = PBXFileReference; lastKnownFileType = sourcecode.swift; path = NetworkManager.swift; sourceTree = "<group>"; };
		2B2C015C27502F2300CFCC3B /* LoginViewModel.swift */ = {isa = PBXFileReference; lastKnownFileType = sourcecode.swift; path = LoginViewModel.swift; sourceTree = "<group>"; };
		2B666925275EAFF00037F9A2 /* CodeScanner.swift */ = {isa = PBXFileReference; fileEncoding = 4; lastKnownFileType = sourcecode.swift; path = CodeScanner.swift; sourceTree = "<group>"; };
		2B666929275EB2470037F9A2 /* UsePointsScene.swift */ = {isa = PBXFileReference; lastKnownFileType = sourcecode.swift; path = UsePointsScene.swift; sourceTree = "<group>"; };
		2B66692C275EB2520037F9A2 /* UsePointsViewModel.swift */ = {isa = PBXFileReference; lastKnownFileType = sourcecode.swift; path = UsePointsViewModel.swift; sourceTree = "<group>"; };
		2B73F9E7275CD15800A14415 /* IBMPlexSans-Text.ttf */ = {isa = PBXFileReference; lastKnownFileType = file; path = "IBMPlexSans-Text.ttf"; sourceTree = "<group>"; };
		2B73F9E8275CD15800A14415 /* IBMPlexSans-SemiBoldItalic.ttf */ = {isa = PBXFileReference; lastKnownFileType = file; path = "IBMPlexSans-SemiBoldItalic.ttf"; sourceTree = "<group>"; };
		2B73F9E9275CD15800A14415 /* IBMPlexSans-Medium.ttf */ = {isa = PBXFileReference; lastKnownFileType = file; path = "IBMPlexSans-Medium.ttf"; sourceTree = "<group>"; };
		2B73F9EA275CD15800A14415 /* IBMPlexSans-TextItalic.ttf */ = {isa = PBXFileReference; lastKnownFileType = file; path = "IBMPlexSans-TextItalic.ttf"; sourceTree = "<group>"; };
		2B73F9EB275CD15800A14415 /* IBMPlexSans-SemiBold.ttf */ = {isa = PBXFileReference; lastKnownFileType = file; path = "IBMPlexSans-SemiBold.ttf"; sourceTree = "<group>"; };
		2B73F9EC275CD15800A14415 /* IBMPlexSans-MediumItalic.ttf */ = {isa = PBXFileReference; lastKnownFileType = file; path = "IBMPlexSans-MediumItalic.ttf"; sourceTree = "<group>"; };
		2B73F9ED275CD15800A14415 /* IBMPlexSans-LightItalic.ttf */ = {isa = PBXFileReference; lastKnownFileType = file; path = "IBMPlexSans-LightItalic.ttf"; sourceTree = "<group>"; };
		2B73F9EE275CD15800A14415 /* IBMPlexSans-ExtraLight.ttf */ = {isa = PBXFileReference; lastKnownFileType = file; path = "IBMPlexSans-ExtraLight.ttf"; sourceTree = "<group>"; };
		2B73F9EF275CD15800A14415 /* IBMPlexSans-Thin.ttf */ = {isa = PBXFileReference; lastKnownFileType = file; path = "IBMPlexSans-Thin.ttf"; sourceTree = "<group>"; };
		2B73F9F0275CD15800A14415 /* IBMPlexSans-ThinItalic.ttf */ = {isa = PBXFileReference; lastKnownFileType = file; path = "IBMPlexSans-ThinItalic.ttf"; sourceTree = "<group>"; };
		2B73F9F1275CD15800A14415 /* IBMPlexSans-BoldItalic.ttf */ = {isa = PBXFileReference; lastKnownFileType = file; path = "IBMPlexSans-BoldItalic.ttf"; sourceTree = "<group>"; };
		2B73F9F2275CD15800A14415 /* IBMPlexSans-Light.ttf */ = {isa = PBXFileReference; lastKnownFileType = file; path = "IBMPlexSans-Light.ttf"; sourceTree = "<group>"; };
		2B73F9F3275CD15800A14415 /* IBMPlexSans-Italic.ttf */ = {isa = PBXFileReference; lastKnownFileType = file; path = "IBMPlexSans-Italic.ttf"; sourceTree = "<group>"; };
		2B73F9F4275CD15800A14415 /* IBMPlexSans-Regular.ttf */ = {isa = PBXFileReference; lastKnownFileType = file; path = "IBMPlexSans-Regular.ttf"; sourceTree = "<group>"; };
		2B73F9F5275CD15800A14415 /* IBMPlexSans-ExtraLightItalic.ttf */ = {isa = PBXFileReference; lastKnownFileType = file; path = "IBMPlexSans-ExtraLightItalic.ttf"; sourceTree = "<group>"; };
		2B73F9F6275CD15800A14415 /* IBMPlexSans-Bold.ttf */ = {isa = PBXFileReference; lastKnownFileType = file; path = "IBMPlexSans-Bold.ttf"; sourceTree = "<group>"; };
		2B73F9F8275CD15900A14415 /* SourceSansPro-Regular.ttf */ = {isa = PBXFileReference; lastKnownFileType = file; path = "SourceSansPro-Regular.ttf"; sourceTree = "<group>"; };
		2B73F9F9275CD15900A14415 /* SourceSansPro-Bold.ttf */ = {isa = PBXFileReference; lastKnownFileType = file; path = "SourceSansPro-Bold.ttf"; sourceTree = "<group>"; };
		2B73F9FA275CD15900A14415 /* SourceSansPro-Light.ttf */ = {isa = PBXFileReference; lastKnownFileType = file; path = "SourceSansPro-Light.ttf"; sourceTree = "<group>"; };
		2B73F9FB275CD15900A14415 /* SourceSansPro-Black.ttf */ = {isa = PBXFileReference; lastKnownFileType = file; path = "SourceSansPro-Black.ttf"; sourceTree = "<group>"; };
		2B73F9FC275CD15900A14415 /* SourceSansPro-ExtraLight.ttf */ = {isa = PBXFileReference; lastKnownFileType = file; path = "SourceSansPro-ExtraLight.ttf"; sourceTree = "<group>"; };
		2B73F9FD275CD15900A14415 /* SourceSansPro-BoldItalic.ttf */ = {isa = PBXFileReference; lastKnownFileType = file; path = "SourceSansPro-BoldItalic.ttf"; sourceTree = "<group>"; };
		2B73F9FE275CD15900A14415 /* SourceSansPro-Semibold.ttf */ = {isa = PBXFileReference; lastKnownFileType = file; path = "SourceSansPro-Semibold.ttf"; sourceTree = "<group>"; };
		2B73FA19275CD40700A14415 /* Font+Extension.swift */ = {isa = PBXFileReference; fileEncoding = 4; lastKnownFileType = sourcecode.swift; path = "Font+Extension.swift"; sourceTree = "<group>"; };
		2B73FA1C275CD84500A14415 /* Images.swift */ = {isa = PBXFileReference; lastKnownFileType = sourcecode.swift; path = Images.swift; sourceTree = "<group>"; };
		2B73FA22275CDDFA00A14415 /* BFButton.swift */ = {isa = PBXFileReference; fileEncoding = 4; lastKnownFileType = sourcecode.swift; path = BFButton.swift; sourceTree = "<group>"; };
		2B81A4CB27504EA2004A2356 /* GoogleService-Info.plist */ = {isa = PBXFileReference; fileEncoding = 4; lastKnownFileType = text.plist.xml; path = "GoogleService-Info.plist"; sourceTree = "<group>"; };
		2B81A4DD275156A5004A2356 /* ConfirmSMSScene.swift */ = {isa = PBXFileReference; lastKnownFileType = sourcecode.swift; path = ConfirmSMSScene.swift; sourceTree = "<group>"; };
		2B81A4E1275156BE004A2356 /* ConfirmSMSViewModel.swift */ = {isa = PBXFileReference; lastKnownFileType = sourcecode.swift; path = ConfirmSMSViewModel.swift; sourceTree = "<group>"; };
		2B81A4E5275285F1004A2356 /* DataService.swift */ = {isa = PBXFileReference; lastKnownFileType = sourcecode.swift; path = DataService.swift; sourceTree = "<group>"; };
		2B93BDE227503F0D0006BF24 /* LoginRouter.swift */ = {isa = PBXFileReference; lastKnownFileType = sourcecode.swift; path = LoginRouter.swift; sourceTree = "<group>"; };
		2B93BDE527503F2E0006BF24 /* AppRouter.swift */ = {isa = PBXFileReference; lastKnownFileType = sourcecode.swift; path = AppRouter.swift; sourceTree = "<group>"; };
		2B93BDE827503FEC0006BF24 /* Logger.swift */ = {isa = PBXFileReference; fileEncoding = 4; lastKnownFileType = sourcecode.swift; path = Logger.swift; sourceTree = "<group>"; };
		2B93BDF1275043E60006BF24 /* TabBarRouter.swift */ = {isa = PBXFileReference; lastKnownFileType = sourcecode.swift; path = TabBarRouter.swift; sourceTree = "<group>"; };
		2BE60C5F274EFC310004E268 /* BonusFactory.app */ = {isa = PBXFileReference; explicitFileType = wrapper.application; includeInIndex = 0; path = BonusFactory.app; sourceTree = BUILT_PRODUCTS_DIR; };
		2BE60C62274EFC310004E268 /* BonusFactoryApp.swift */ = {isa = PBXFileReference; lastKnownFileType = sourcecode.swift; path = BonusFactoryApp.swift; sourceTree = "<group>"; };
		2BE60C66274EFC3A0004E268 /* Assets.xcassets */ = {isa = PBXFileReference; lastKnownFileType = folder.assetcatalog; path = Assets.xcassets; sourceTree = "<group>"; };
		2BE60C69274EFC3A0004E268 /* Preview Assets.xcassets */ = {isa = PBXFileReference; lastKnownFileType = folder.assetcatalog; path = "Preview Assets.xcassets"; sourceTree = "<group>"; };
		2BE60C6B274EFC3A0004E268 /* Info.plist */ = {isa = PBXFileReference; lastKnownFileType = text.plist.xml; path = Info.plist; sourceTree = "<group>"; };
		2BE8CFF927543B22001C3CB4 /* ProfileService.swift */ = {isa = PBXFileReference; lastKnownFileType = sourcecode.swift; path = ProfileService.swift; sourceTree = "<group>"; };
		2BE8CFFC27543C0B001C3CB4 /* DataManager.swif.swift */ = {isa = PBXFileReference; lastKnownFileType = sourcecode.swift; path = DataManager.swif.swift; sourceTree = "<group>"; };
		2BE8D0002754F45D001C3CB4 /* DashboardScene.swift */ = {isa = PBXFileReference; lastKnownFileType = sourcecode.swift; path = DashboardScene.swift; sourceTree = "<group>"; };
		2BE8D0032754F46B001C3CB4 /* DashboardViewModel.swift */ = {isa = PBXFileReference; lastKnownFileType = sourcecode.swift; path = DashboardViewModel.swift; sourceTree = "<group>"; };
		2BE8D0072754F8AC001C3CB4 /* Profile.swift */ = {isa = PBXFileReference; lastKnownFileType = sourcecode.swift; path = Profile.swift; sourceTree = "<group>"; };
		2BE8D00B2754FA02001C3CB4 /* CodableExtension.swift */ = {isa = PBXFileReference; fileEncoding = 4; lastKnownFileType = sourcecode.swift; path = CodableExtension.swift; sourceTree = "<group>"; };
		2BE8D01127554ABD001C3CB4 /* OrganizationService.swift */ = {isa = PBXFileReference; lastKnownFileType = sourcecode.swift; path = OrganizationService.swift; sourceTree = "<group>"; };
		2BE8D01427554D87001C3CB4 /* Organization.swift */ = {isa = PBXFileReference; lastKnownFileType = sourcecode.swift; path = Organization.swift; sourceTree = "<group>"; };
		2BE8D01727555187001C3CB4 /* EnumDecodable.swift */ = {isa = PBXFileReference; fileEncoding = 4; lastKnownFileType = sourcecode.swift; path = EnumDecodable.swift; sourceTree = "<group>"; };
		2BEBE8302764B57300082467 /* BFError.swift */ = {isa = PBXFileReference; lastKnownFileType = sourcecode.swift; path = BFError.swift; sourceTree = "<group>"; };
		2BEBE8332764B60F00082467 /* StorageManager.swift */ = {isa = PBXFileReference; lastKnownFileType = sourcecode.swift; path = StorageManager.swift; sourceTree = "<group>"; };
		2BEBE8372764BB6900082467 /* ImagePicker.swift */ = {isa = PBXFileReference; lastKnownFileType = sourcecode.swift; path = ImagePicker.swift; sourceTree = "<group>"; };
		2BEBE83B2764BD9200082467 /* ManageNewsScene.swift */ = {isa = PBXFileReference; lastKnownFileType = sourcecode.swift; path = ManageNewsScene.swift; sourceTree = "<group>"; };
		2BEBE83E2764BD9E00082467 /* ManageNewsViewModel.swift */ = {isa = PBXFileReference; lastKnownFileType = sourcecode.swift; path = ManageNewsViewModel.swift; sourceTree = "<group>"; };
		2BEBE8432764E68000082467 /* AsyncImage.swift */ = {isa = PBXFileReference; fileEncoding = 4; lastKnownFileType = sourcecode.swift; path = AsyncImage.swift; sourceTree = "<group>"; };
		2BEBE8442764E68000082467 /* ContentView.swift */ = {isa = PBXFileReference; fileEncoding = 4; lastKnownFileType = sourcecode.swift; path = ContentView.swift; sourceTree = "<group>"; };
		2BEBE8452764E68000082467 /* ImageCache.swift */ = {isa = PBXFileReference; fileEncoding = 4; lastKnownFileType = sourcecode.swift; path = ImageCache.swift; sourceTree = "<group>"; };
		2BEBE8462764E68000082467 /* ImageLoader.swift */ = {isa = PBXFileReference; fileEncoding = 4; lastKnownFileType = sourcecode.swift; path = ImageLoader.swift; sourceTree = "<group>"; };
		2BEBE8472764E68100082467 /* EnvironmentValues+ImageCache.swift */ = {isa = PBXFileReference; fileEncoding = 4; lastKnownFileType = sourcecode.swift; path = "EnvironmentValues+ImageCache.swift"; sourceTree = "<group>"; };
/* End PBXFileReference section */

/* Begin PBXFrameworksBuildPhase section */
		2BE60C5C274EFC310004E268 /* Frameworks */ = {
			isa = PBXFrameworksBuildPhase;
			buildActionMask = 2147483647;
			files = (
				2BEBE8202764B4E000082467 /* FirebaseDatabase in Frameworks */,
				2BEBE8282764B4E000082467 /* FirebaseFunctions in Frameworks */,
				2BEBE81C2764B4E000082467 /* FirebaseFirestore in Frameworks */,
				2BEBE82E2764B4E000082467 /* FirebaseFirestoreCombine-Community in Frameworks */,
				2BEBE8242764B4E000082467 /* FirebaseStorageCombine-Community in Frameworks */,
				2BEBE82C2764B4E000082467 /* FirebaseAuth in Frameworks */,
				2BEBE81E2764B4E000082467 /* FirebaseAnalyticsWithoutAdIdSupport in Frameworks */,
				2BEBE8222764B4E000082467 /* FirebaseAuthCombine-Community in Frameworks */,
				2BEBE8262764B4E000082467 /* FirebaseStorage in Frameworks */,
				2BEBE82A2764B4E000082467 /* FirebaseRemoteConfig in Frameworks */,
			);
			runOnlyForDeploymentPostprocessing = 0;
		};
/* End PBXFrameworksBuildPhase section */

/* Begin PBXGroup section */
		2B11252C27582C5500C28FAD /* QRScene */ = {
			isa = PBXGroup;
			children = (
				2B11252D27582C7D00C28FAD /* QRScene.swift */,
				2B11253127582C9600C28FAD /* QRViewModel.swift */,
			);
			path = QRScene;
			sourceTree = "<group>";
		};
		2B1E06AD274EFE1300B53E79 /* Scenes */ = {
			isa = PBXGroup;
			children = (
				2B81A4DC27515688004A2356 /* ConfirmSMS */,
				2BE8CFFF2754F443001C3CB4 /* Dashboard */,
				2B1E06AF274EFE3300B53E79 /* Login */,
				2BEBE83A2764BD6D00082467 /* ManageNews */,
				2B11252C27582C5500C28FAD /* QRScene */,
				2B1E06C1274F012500B53E79 /* Start */,
				2B666928275EB2290037F9A2 /* UsePoints */,
			);
			path = Scenes;
			sourceTree = "<group>";
		};
		2B1E06AF274EFE3300B53E79 /* Login */ = {
			isa = PBXGroup;
			children = (
				2B93BDE227503F0D0006BF24 /* LoginRouter.swift */,
				2B1E06B0274EFE6000B53E79 /* LoginScene.swift */,
				2B2C015C27502F2300CFCC3B /* LoginViewModel.swift */,
			);
			path = Login;
			sourceTree = "<group>";
		};
		2B1E06B5274EFF5600B53E79 /* Services */ = {
			isa = PBXGroup;
			children = (
				2B11253B2759303000C28FAD /* ActivitiesService.swift */,
				2B1E06B7274EFFA100B53E79 /* AuthService.swift */,
				2B81A4E5275285F1004A2356 /* DataService.swift */,
				2B11252627580FF600C28FAD /* NewsService.swift */,
				2BE8D01127554ABD001C3CB4 /* OrganizationService.swift */,
				2BE8CFF927543B22001C3CB4 /* ProfileService.swift */,
				2B1E06BA274EFFDB00B53E79 /* Services.swift */,
			);
			path = Services;
			sourceTree = "<group>";
		};
		2B1E06B6274EFF7500B53E79 /* Managers */ = {
			isa = PBXGroup;
			children = (
				2B112534275837D000C28FAD /* AuthManager.swift */,
				2BEBE8302764B57300082467 /* BFError.swift */,
				2BE8CFFC27543C0B001C3CB4 /* DataManager.swif.swift */,
				2B1E06E3274FEFF600B53E79 /* NetworkManager.swift */,
				2BEBE8332764B60F00082467 /* StorageManager.swift */,
			);
			path = Managers;
			sourceTree = "<group>";
		};
		2B1E06C1274F012500B53E79 /* Start */ = {
			isa = PBXGroup;
			children = (
				2B1E06BD274F012000B53E79 /* LaunchScene.swift */,
				2B1E06CB274F049400B53E79 /* LaunchViewModel.swift */,
			);
			path = Start;
			sourceTree = "<group>";
		};
		2B1E06CF274F056800B53E79 /* DataLayer */ = {
			isa = PBXGroup;
			children = (
				2B93BDE827503FEC0006BF24 /* Logger.swift */,
				2BE8D00E2754FA06001C3CB4 /* Extensions */,
				2B1E06B6274EFF7500B53E79 /* Managers */,
				2BE8D0062754F896001C3CB4 /* Models */,
				2B1E06B5274EFF5600B53E79 /* Services */,
			);
			path = DataLayer;
			sourceTree = "<group>";
		};
		2B666928275EB2290037F9A2 /* UsePoints */ = {
			isa = PBXGroup;
			children = (
				2B666929275EB2470037F9A2 /* UsePointsScene.swift */,
				2B66692C275EB2520037F9A2 /* UsePointsViewModel.swift */,
			);
			path = UsePoints;
			sourceTree = "<group>";
		};
		2B73F9E3275CD08E00A14415 /* Resources */ = {
			isa = PBXGroup;
			children = (
				2B73FA1C275CD84500A14415 /* Images.swift */,
				2B73FA19275CD40700A14415 /* Font+Extension.swift */,
				2B73F9E6275CD15800A14415 /* Font IBM Plex Sans */,
				2B73F9F7275CD15900A14415 /* Font Sans Pro */,
			);
			path = Resources;
			sourceTree = "<group>";
		};
		2B73F9E6275CD15800A14415 /* Font IBM Plex Sans */ = {
			isa = PBXGroup;
			children = (
				2B73F9E7275CD15800A14415 /* IBMPlexSans-Text.ttf */,
				2B73F9E8275CD15800A14415 /* IBMPlexSans-SemiBoldItalic.ttf */,
				2B73F9E9275CD15800A14415 /* IBMPlexSans-Medium.ttf */,
				2B73F9EA275CD15800A14415 /* IBMPlexSans-TextItalic.ttf */,
				2B73F9EB275CD15800A14415 /* IBMPlexSans-SemiBold.ttf */,
				2B73F9EC275CD15800A14415 /* IBMPlexSans-MediumItalic.ttf */,
				2B73F9ED275CD15800A14415 /* IBMPlexSans-LightItalic.ttf */,
				2B73F9EE275CD15800A14415 /* IBMPlexSans-ExtraLight.ttf */,
				2B73F9EF275CD15800A14415 /* IBMPlexSans-Thin.ttf */,
				2B73F9F0275CD15800A14415 /* IBMPlexSans-ThinItalic.ttf */,
				2B73F9F1275CD15800A14415 /* IBMPlexSans-BoldItalic.ttf */,
				2B73F9F2275CD15800A14415 /* IBMPlexSans-Light.ttf */,
				2B73F9F3275CD15800A14415 /* IBMPlexSans-Italic.ttf */,
				2B73F9F4275CD15800A14415 /* IBMPlexSans-Regular.ttf */,
				2B73F9F5275CD15800A14415 /* IBMPlexSans-ExtraLightItalic.ttf */,
				2B73F9F6275CD15800A14415 /* IBMPlexSans-Bold.ttf */,
			);
			path = "Font IBM Plex Sans";
			sourceTree = "<group>";
		};
		2B73F9F7275CD15900A14415 /* Font Sans Pro */ = {
			isa = PBXGroup;
			children = (
				2B73F9F8275CD15900A14415 /* SourceSansPro-Regular.ttf */,
				2B73F9F9275CD15900A14415 /* SourceSansPro-Bold.ttf */,
				2B73F9FA275CD15900A14415 /* SourceSansPro-Light.ttf */,
				2B73F9FB275CD15900A14415 /* SourceSansPro-Black.ttf */,
				2B73F9FC275CD15900A14415 /* SourceSansPro-ExtraLight.ttf */,
				2B73F9FD275CD15900A14415 /* SourceSansPro-BoldItalic.ttf */,
				2B73F9FE275CD15900A14415 /* SourceSansPro-Semibold.ttf */,
			);
			path = "Font Sans Pro";
			sourceTree = "<group>";
		};
		2B73FA20275CDDBD00A14415 /* UIComponents */ = {
			isa = PBXGroup;
			children = (
				2BEBE8422764E67700082467 /* AsyncImage */,
				2B666925275EAFF00037F9A2 /* CodeScanner.swift */,
				2B73FA22275CDDFA00A14415 /* BFButton.swift */,
				2BEBE8372764BB6900082467 /* ImagePicker.swift */,
			);
			path = UIComponents;
			sourceTree = "<group>";
		};
		2B81A4DC27515688004A2356 /* ConfirmSMS */ = {
			isa = PBXGroup;
			children = (
				2B81A4DD275156A5004A2356 /* ConfirmSMSScene.swift */,
				2B81A4E1275156BE004A2356 /* ConfirmSMSViewModel.swift */,
			);
			path = ConfirmSMS;
			sourceTree = "<group>";
		};
		2B93BDF9275045F70006BF24 /* Routers */ = {
			isa = PBXGroup;
			children = (
				2B93BDE527503F2E0006BF24 /* AppRouter.swift */,
				2B93BDF1275043E60006BF24 /* TabBarRouter.swift */,
			);
			path = Routers;
			sourceTree = "<group>";
		};
		2BE60C56274EFC310004E268 = {
			isa = PBXGroup;
			children = (
				2BE60C61274EFC310004E268 /* BonusFactory */,
				2BE60C60274EFC310004E268 /* Products */,
			);
			sourceTree = "<group>";
		};
		2BE60C60274EFC310004E268 /* Products */ = {
			isa = PBXGroup;
			children = (
				2BE60C5F274EFC310004E268 /* BonusFactory.app */,
			);
			name = Products;
			sourceTree = "<group>";
		};
		2BE60C61274EFC310004E268 /* BonusFactory */ = {
			isa = PBXGroup;
			children = (
				2B81A4CB27504EA2004A2356 /* GoogleService-Info.plist */,
				2BE60C6B274EFC3A0004E268 /* Info.plist */,
				2BE60C62274EFC310004E268 /* BonusFactoryApp.swift */,
				2BE60C66274EFC3A0004E268 /* Assets.xcassets */,
				2B1E06CF274F056800B53E79 /* DataLayer */,
				2BE60C68274EFC3A0004E268 /* Preview Content */,
				2B93BDF9275045F70006BF24 /* Routers */,
				2B1E06AD274EFE1300B53E79 /* Scenes */,
				2B73FA20275CDDBD00A14415 /* UIComponents */,
				2B73F9E3275CD08E00A14415 /* Resources */,
			);
			path = BonusFactory;
			sourceTree = "<group>";
		};
		2BE60C68274EFC3A0004E268 /* Preview Content */ = {
			isa = PBXGroup;
			children = (
				2BE60C69274EFC3A0004E268 /* Preview Assets.xcassets */,
			);
			path = "Preview Content";
			sourceTree = "<group>";
		};
		2BE8CFFF2754F443001C3CB4 /* Dashboard */ = {
			isa = PBXGroup;
			children = (
				2BE8D0002754F45D001C3CB4 /* DashboardScene.swift */,
				2BE8D0032754F46B001C3CB4 /* DashboardViewModel.swift */,
			);
			path = Dashboard;
			sourceTree = "<group>";
		};
		2BE8D0062754F896001C3CB4 /* Models */ = {
			isa = PBXGroup;
			children = (
				2BE8D0072754F8AC001C3CB4 /* Profile.swift */,
				2BE8D01427554D87001C3CB4 /* Organization.swift */,
				2B11251E275591FE00C28FAD /* News.swift */,
				2B11253827592AA200C28FAD /* Activity.swift */,
			);
			path = Models;
			sourceTree = "<group>";
		};
		2BE8D00E2754FA06001C3CB4 /* Extensions */ = {
			isa = PBXGroup;
			children = (
				2BE8D00B2754FA02001C3CB4 /* CodableExtension.swift */,
				2B11252927582AB800C28FAD /* DateFormatter+Date.swift */,
				2BE8D01727555187001C3CB4 /* EnumDecodable.swift */,
			);
			path = Extensions;
			sourceTree = "<group>";
		};
		2BEBE83A2764BD6D00082467 /* ManageNews */ = {
			isa = PBXGroup;
			children = (
				2BEBE83B2764BD9200082467 /* ManageNewsScene.swift */,
				2BEBE83E2764BD9E00082467 /* ManageNewsViewModel.swift */,
			);
			path = ManageNews;
			sourceTree = "<group>";
		};
		2BEBE8422764E67700082467 /* AsyncImage */ = {
			isa = PBXGroup;
			children = (
				2BEBE8432764E68000082467 /* AsyncImage.swift */,
				2BEBE8442764E68000082467 /* ContentView.swift */,
				2BEBE8472764E68100082467 /* EnvironmentValues+ImageCache.swift */,
				2BEBE8452764E68000082467 /* ImageCache.swift */,
				2BEBE8462764E68000082467 /* ImageLoader.swift */,
			);
			path = AsyncImage;
			sourceTree = "<group>";
		};
/* End PBXGroup section */

/* Begin PBXNativeTarget section */
		2BE60C5E274EFC310004E268 /* BonusFactory */ = {
			isa = PBXNativeTarget;
			buildConfigurationList = 2BE60C6E274EFC3A0004E268 /* Build configuration list for PBXNativeTarget "BonusFactory" */;
			buildPhases = (
				2BE60C5B274EFC310004E268 /* Sources */,
				2BE60C5C274EFC310004E268 /* Frameworks */,
				2BE60C5D274EFC310004E268 /* Resources */,
			);
			buildRules = (
			);
			dependencies = (
			);
			name = BonusFactory;
			packageProductDependencies = (
				2BEBE81B2764B4E000082467 /* FirebaseFirestore */,
				2BEBE81D2764B4E000082467 /* FirebaseAnalyticsWithoutAdIdSupport */,
				2BEBE81F2764B4E000082467 /* FirebaseDatabase */,
				2BEBE8212764B4E000082467 /* FirebaseAuthCombine-Community */,
				2BEBE8232764B4E000082467 /* FirebaseStorageCombine-Community */,
				2BEBE8252764B4E000082467 /* FirebaseStorage */,
				2BEBE8272764B4E000082467 /* FirebaseFunctions */,
				2BEBE8292764B4E000082467 /* FirebaseRemoteConfig */,
				2BEBE82B2764B4E000082467 /* FirebaseAuth */,
				2BEBE82D2764B4E000082467 /* FirebaseFirestoreCombine-Community */,
			);
			productName = BonusFactory;
			productReference = 2BE60C5F274EFC310004E268 /* BonusFactory.app */;
			productType = "com.apple.product-type.application";
		};
/* End PBXNativeTarget section */

/* Begin PBXProject section */
		2BE60C57274EFC310004E268 /* Project object */ = {
			isa = PBXProject;
			attributes = {
				LastSwiftUpdateCheck = 1240;
				LastUpgradeCheck = 1240;
				TargetAttributes = {
					2BE60C5E274EFC310004E268 = {
						CreatedOnToolsVersion = 12.4;
					};
				};
			};
			buildConfigurationList = 2BE60C5A274EFC310004E268 /* Build configuration list for PBXProject "BonusFactory" */;
			compatibilityVersion = "Xcode 9.3";
			developmentRegion = en;
			hasScannedForEncodings = 0;
			knownRegions = (
				en,
				Base,
			);
			mainGroup = 2BE60C56274EFC310004E268;
			packageReferences = (
				2BEBE81A2764B4E000082467 /* XCRemoteSwiftPackageReference "firebase-ios-sdk" */,
			);
			productRefGroup = 2BE60C60274EFC310004E268 /* Products */;
			projectDirPath = "";
			projectRoot = "";
			targets = (
				2BE60C5E274EFC310004E268 /* BonusFactory */,
			);
		};
/* End PBXProject section */

/* Begin PBXResourcesBuildPhase section */
		2BE60C5D274EFC310004E268 /* Resources */ = {
			isa = PBXResourcesBuildPhase;
			buildActionMask = 2147483647;
			files = (
				2B73FA13275CD15900A14415 /* SourceSansPro-ExtraLight.ttf in Resources */,
				2B73FA0C275CD15900A14415 /* IBMPlexSans-Regular.ttf in Resources */,
				2B73FA0A275CD15900A14415 /* IBMPlexSans-Light.ttf in Resources */,
				2B73FA05275CD15900A14415 /* IBMPlexSans-LightItalic.ttf in Resources */,
				2B73FA01275CD15900A14415 /* IBMPlexSans-Medium.ttf in Resources */,
				2B73FA08275CD15900A14415 /* IBMPlexSans-ThinItalic.ttf in Resources */,
				2B73FA10275CD15900A14415 /* SourceSansPro-Bold.ttf in Resources */,
				2B73FA00275CD15900A14415 /* IBMPlexSans-SemiBoldItalic.ttf in Resources */,
				2B73FA0D275CD15900A14415 /* IBMPlexSans-ExtraLightItalic.ttf in Resources */,
				2B73FA09275CD15900A14415 /* IBMPlexSans-BoldItalic.ttf in Resources */,
				2B73FA04275CD15900A14415 /* IBMPlexSans-MediumItalic.ttf in Resources */,
				2B73FA12275CD15900A14415 /* SourceSansPro-Black.ttf in Resources */,
				2B73F9FF275CD15900A14415 /* IBMPlexSans-Text.ttf in Resources */,
				2B73FA0E275CD15900A14415 /* IBMPlexSans-Bold.ttf in Resources */,
				2B73FA06275CD15900A14415 /* IBMPlexSans-ExtraLight.ttf in Resources */,
				2B73FA11275CD15900A14415 /* SourceSansPro-Light.ttf in Resources */,
				2B73FA14275CD15900A14415 /* SourceSansPro-BoldItalic.ttf in Resources */,
				2BE60C6A274EFC3A0004E268 /* Preview Assets.xcassets in Resources */,
				2BE60C67274EFC3A0004E268 /* Assets.xcassets in Resources */,
				2B73FA0B275CD15900A14415 /* IBMPlexSans-Italic.ttf in Resources */,
				2B73FA0F275CD15900A14415 /* SourceSansPro-Regular.ttf in Resources */,
				2B73FA15275CD15900A14415 /* SourceSansPro-Semibold.ttf in Resources */,
				2B81A4CC27504EA2004A2356 /* GoogleService-Info.plist in Resources */,
				2B73FA03275CD15900A14415 /* IBMPlexSans-SemiBold.ttf in Resources */,
				2B73FA07275CD15900A14415 /* IBMPlexSans-Thin.ttf in Resources */,
				2B73FA02275CD15900A14415 /* IBMPlexSans-TextItalic.ttf in Resources */,
			);
			runOnlyForDeploymentPostprocessing = 0;
		};
/* End PBXResourcesBuildPhase section */

/* Begin PBXSourcesBuildPhase section */
		2BE60C5B274EFC310004E268 /* Sources */ = {
			isa = PBXSourcesBuildPhase;
			buildActionMask = 2147483647;
			files = (
				2B1E06BB274EFFDB00B53E79 /* Services.swift in Sources */,
				2BEBE84B2764E68100082467 /* ImageLoader.swift in Sources */,
				2B1E06E4274FEFF600B53E79 /* NetworkManager.swift in Sources */,
				2B73FA1A275CD40700A14415 /* Font+Extension.swift in Sources */,
				2BEBE84C2764E68100082467 /* EnvironmentValues+ImageCache.swift in Sources */,
				2B73FA1D275CD84500A14415 /* Images.swift in Sources */,
				2BEBE83C2764BD9200082467 /* ManageNewsScene.swift in Sources */,
				2B11253927592AA200C28FAD /* Activity.swift in Sources */,
				2BE8D0082754F8AC001C3CB4 /* Profile.swift in Sources */,
				2B1E06BE274F012000B53E79 /* LaunchScene.swift in Sources */,
				2BE8D0012754F45D001C3CB4 /* DashboardScene.swift in Sources */,
				2BE8D0042754F46B001C3CB4 /* DashboardViewModel.swift in Sources */,
				2BE8D01827555187001C3CB4 /* EnumDecodable.swift in Sources */,
				2BEBE8312764B57300082467 /* BFError.swift in Sources */,
				2B81A4E2275156BE004A2356 /* ConfirmSMSViewModel.swift in Sources */,
				2B1E06CC274F049400B53E79 /* LaunchViewModel.swift in Sources */,
				2B11253227582C9600C28FAD /* QRViewModel.swift in Sources */,
				2B73FA23275CDDFA00A14415 /* BFButton.swift in Sources */,
				2BEBE8482764E68100082467 /* AsyncImage.swift in Sources */,
				2B93BDF2275043E60006BF24 /* TabBarRouter.swift in Sources */,
				2BEBE83F2764BD9E00082467 /* ManageNewsViewModel.swift in Sources */,
				2BE8CFFD27543C0B001C3CB4 /* DataManager.swif.swift in Sources */,
				2BEBE8382764BB6900082467 /* ImagePicker.swift in Sources */,
				2BE8D01227554ABD001C3CB4 /* OrganizationService.swift in Sources */,
				2B66692D275EB2520037F9A2 /* UsePointsViewModel.swift in Sources */,
				2B11252A27582AB800C28FAD /* DateFormatter+Date.swift in Sources */,
				2B2C015D27502F2300CFCC3B /* LoginViewModel.swift in Sources */,
				2B1E06B1274EFE6000B53E79 /* LoginScene.swift in Sources */,
				2B81A4DE275156A5004A2356 /* ConfirmSMSScene.swift in Sources */,
				2B666926275EAFF00037F9A2 /* CodeScanner.swift in Sources */,
				2B66692A275EB2480037F9A2 /* UsePointsScene.swift in Sources */,
				2BE8D01527554D87001C3CB4 /* Organization.swift in Sources */,
				2B81A4E6275285F1004A2356 /* DataService.swift in Sources */,
				2B112535275837D000C28FAD /* AuthManager.swift in Sources */,
				2BE8D00C2754FA02001C3CB4 /* CodableExtension.swift in Sources */,
				2B11251F275591FE00C28FAD /* News.swift in Sources */,
				2B93BDE927503FEC0006BF24 /* Logger.swift in Sources */,
				2B11253C2759303000C28FAD /* ActivitiesService.swift in Sources */,
				2B11252E27582C7D00C28FAD /* QRScene.swift in Sources */,
				2B11252727580FF600C28FAD /* NewsService.swift in Sources */,
				2BEBE84A2764E68100082467 /* ImageCache.swift in Sources */,
				2B93BDE627503F2E0006BF24 /* AppRouter.swift in Sources */,
				2BE8CFFA27543B22001C3CB4 /* ProfileService.swift in Sources */,
				2BE60C63274EFC310004E268 /* BonusFactoryApp.swift in Sources */,
				2BEBE8492764E68100082467 /* ContentView.swift in Sources */,
				2B93BDE327503F0D0006BF24 /* LoginRouter.swift in Sources */,
				2BEBE8342764B60F00082467 /* StorageManager.swift in Sources */,
				2B1E06B8274EFFA100B53E79 /* AuthService.swift in Sources */,
			);
			runOnlyForDeploymentPostprocessing = 0;
		};
/* End PBXSourcesBuildPhase section */

/* Begin XCBuildConfiguration section */
		2BE60C6C274EFC3A0004E268 /* Debug */ = {
			isa = XCBuildConfiguration;
			buildSettings = {
				ALWAYS_SEARCH_USER_PATHS = NO;
				CLANG_ANALYZER_NONNULL = YES;
				CLANG_ANALYZER_NUMBER_OBJECT_CONVERSION = YES_AGGRESSIVE;
				CLANG_CXX_LANGUAGE_STANDARD = "gnu++14";
				CLANG_CXX_LIBRARY = "libc++";
				CLANG_ENABLE_MODULES = YES;
				CLANG_ENABLE_OBJC_ARC = YES;
				CLANG_ENABLE_OBJC_WEAK = YES;
				CLANG_WARN_BLOCK_CAPTURE_AUTORELEASING = YES;
				CLANG_WARN_BOOL_CONVERSION = YES;
				CLANG_WARN_COMMA = YES;
				CLANG_WARN_CONSTANT_CONVERSION = YES;
				CLANG_WARN_DEPRECATED_OBJC_IMPLEMENTATIONS = YES;
				CLANG_WARN_DIRECT_OBJC_ISA_USAGE = YES_ERROR;
				CLANG_WARN_DOCUMENTATION_COMMENTS = YES;
				CLANG_WARN_EMPTY_BODY = YES;
				CLANG_WARN_ENUM_CONVERSION = YES;
				CLANG_WARN_INFINITE_RECURSION = YES;
				CLANG_WARN_INT_CONVERSION = YES;
				CLANG_WARN_NON_LITERAL_NULL_CONVERSION = YES;
				CLANG_WARN_OBJC_IMPLICIT_RETAIN_SELF = YES;
				CLANG_WARN_OBJC_LITERAL_CONVERSION = YES;
				CLANG_WARN_OBJC_ROOT_CLASS = YES_ERROR;
				CLANG_WARN_QUOTED_INCLUDE_IN_FRAMEWORK_HEADER = YES;
				CLANG_WARN_RANGE_LOOP_ANALYSIS = YES;
				CLANG_WARN_STRICT_PROTOTYPES = YES;
				CLANG_WARN_SUSPICIOUS_MOVE = YES;
				CLANG_WARN_UNGUARDED_AVAILABILITY = YES_AGGRESSIVE;
				CLANG_WARN_UNREACHABLE_CODE = YES;
				CLANG_WARN__DUPLICATE_METHOD_MATCH = YES;
				COPY_PHASE_STRIP = NO;
				DEBUG_INFORMATION_FORMAT = dwarf;
				ENABLE_STRICT_OBJC_MSGSEND = YES;
				ENABLE_TESTABILITY = YES;
				GCC_C_LANGUAGE_STANDARD = gnu11;
				GCC_DYNAMIC_NO_PIC = NO;
				GCC_NO_COMMON_BLOCKS = YES;
				GCC_OPTIMIZATION_LEVEL = 0;
				GCC_PREPROCESSOR_DEFINITIONS = (
					"DEBUG=1",
					"$(inherited)",
				);
				GCC_WARN_64_TO_32_BIT_CONVERSION = YES;
				GCC_WARN_ABOUT_RETURN_TYPE = YES_ERROR;
				GCC_WARN_UNDECLARED_SELECTOR = YES;
				GCC_WARN_UNINITIALIZED_AUTOS = YES_AGGRESSIVE;
				GCC_WARN_UNUSED_FUNCTION = YES;
				GCC_WARN_UNUSED_VARIABLE = YES;
				IPHONEOS_DEPLOYMENT_TARGET = 14.4;
				MTL_ENABLE_DEBUG_INFO = INCLUDE_SOURCE;
				MTL_FAST_MATH = YES;
				ONLY_ACTIVE_ARCH = YES;
				SDKROOT = iphoneos;
				SWIFT_ACTIVE_COMPILATION_CONDITIONS = DEBUG;
				SWIFT_OPTIMIZATION_LEVEL = "-Onone";
			};
			name = Debug;
		};
		2BE60C6D274EFC3A0004E268 /* Release */ = {
			isa = XCBuildConfiguration;
			buildSettings = {
				ALWAYS_SEARCH_USER_PATHS = NO;
				CLANG_ANALYZER_NONNULL = YES;
				CLANG_ANALYZER_NUMBER_OBJECT_CONVERSION = YES_AGGRESSIVE;
				CLANG_CXX_LANGUAGE_STANDARD = "gnu++14";
				CLANG_CXX_LIBRARY = "libc++";
				CLANG_ENABLE_MODULES = YES;
				CLANG_ENABLE_OBJC_ARC = YES;
				CLANG_ENABLE_OBJC_WEAK = YES;
				CLANG_WARN_BLOCK_CAPTURE_AUTORELEASING = YES;
				CLANG_WARN_BOOL_CONVERSION = YES;
				CLANG_WARN_COMMA = YES;
				CLANG_WARN_CONSTANT_CONVERSION = YES;
				CLANG_WARN_DEPRECATED_OBJC_IMPLEMENTATIONS = YES;
				CLANG_WARN_DIRECT_OBJC_ISA_USAGE = YES_ERROR;
				CLANG_WARN_DOCUMENTATION_COMMENTS = YES;
				CLANG_WARN_EMPTY_BODY = YES;
				CLANG_WARN_ENUM_CONVERSION = YES;
				CLANG_WARN_INFINITE_RECURSION = YES;
				CLANG_WARN_INT_CONVERSION = YES;
				CLANG_WARN_NON_LITERAL_NULL_CONVERSION = YES;
				CLANG_WARN_OBJC_IMPLICIT_RETAIN_SELF = YES;
				CLANG_WARN_OBJC_LITERAL_CONVERSION = YES;
				CLANG_WARN_OBJC_ROOT_CLASS = YES_ERROR;
				CLANG_WARN_QUOTED_INCLUDE_IN_FRAMEWORK_HEADER = YES;
				CLANG_WARN_RANGE_LOOP_ANALYSIS = YES;
				CLANG_WARN_STRICT_PROTOTYPES = YES;
				CLANG_WARN_SUSPICIOUS_MOVE = YES;
				CLANG_WARN_UNGUARDED_AVAILABILITY = YES_AGGRESSIVE;
				CLANG_WARN_UNREACHABLE_CODE = YES;
				CLANG_WARN__DUPLICATE_METHOD_MATCH = YES;
				COPY_PHASE_STRIP = NO;
				DEBUG_INFORMATION_FORMAT = "dwarf-with-dsym";
				ENABLE_NS_ASSERTIONS = NO;
				ENABLE_STRICT_OBJC_MSGSEND = YES;
				GCC_C_LANGUAGE_STANDARD = gnu11;
				GCC_NO_COMMON_BLOCKS = YES;
				GCC_WARN_64_TO_32_BIT_CONVERSION = YES;
				GCC_WARN_ABOUT_RETURN_TYPE = YES_ERROR;
				GCC_WARN_UNDECLARED_SELECTOR = YES;
				GCC_WARN_UNINITIALIZED_AUTOS = YES_AGGRESSIVE;
				GCC_WARN_UNUSED_FUNCTION = YES;
				GCC_WARN_UNUSED_VARIABLE = YES;
				IPHONEOS_DEPLOYMENT_TARGET = 14.4;
				MTL_ENABLE_DEBUG_INFO = NO;
				MTL_FAST_MATH = YES;
				SDKROOT = iphoneos;
				SWIFT_COMPILATION_MODE = wholemodule;
				SWIFT_OPTIMIZATION_LEVEL = "-O";
				VALIDATE_PRODUCT = YES;
			};
			name = Release;
		};
		2BE60C6F274EFC3A0004E268 /* Debug */ = {
			isa = XCBuildConfiguration;
			buildSettings = {
				ASSETCATALOG_COMPILER_APPICON_NAME = AppIcon;
				ASSETCATALOG_COMPILER_GLOBAL_ACCENT_COLOR_NAME = AccentColor;
				CODE_SIGN_STYLE = Automatic;
				DEVELOPMENT_ASSET_PATHS = "\"BonusFactory/Preview Content\"";
				DEVELOPMENT_TEAM = 2GS3DZHCM6;
				ENABLE_PREVIEWS = YES;
				INFOPLIST_FILE = BonusFactory/Info.plist;
				IPHONEOS_DEPLOYMENT_TARGET = 14.0;
				LD_RUNPATH_SEARCH_PATHS = (
					"$(inherited)",
					"@executable_path/Frameworks",
				);
				PRODUCT_BUNDLE_IDENTIFIER = pam.BonusFactory;
				PRODUCT_NAME = "$(TARGET_NAME)";
				SWIFT_VERSION = 5.0;
				TARGETED_DEVICE_FAMILY = "1,2";
			};
			name = Debug;
		};
		2BE60C70274EFC3A0004E268 /* Release */ = {
			isa = XCBuildConfiguration;
			buildSettings = {
				ASSETCATALOG_COMPILER_APPICON_NAME = AppIcon;
				ASSETCATALOG_COMPILER_GLOBAL_ACCENT_COLOR_NAME = AccentColor;
				CODE_SIGN_STYLE = Automatic;
				DEVELOPMENT_ASSET_PATHS = "\"BonusFactory/Preview Content\"";
				DEVELOPMENT_TEAM = 2GS3DZHCM6;
				ENABLE_PREVIEWS = YES;
				INFOPLIST_FILE = BonusFactory/Info.plist;
				IPHONEOS_DEPLOYMENT_TARGET = 14.0;
				LD_RUNPATH_SEARCH_PATHS = (
					"$(inherited)",
					"@executable_path/Frameworks",
				);
				PRODUCT_BUNDLE_IDENTIFIER = pam.BonusFactory;
				PRODUCT_NAME = "$(TARGET_NAME)";
				SWIFT_VERSION = 5.0;
				TARGETED_DEVICE_FAMILY = "1,2";
			};
			name = Release;
		};
/* End XCBuildConfiguration section */

/* Begin XCConfigurationList section */
		2BE60C5A274EFC310004E268 /* Build configuration list for PBXProject "BonusFactory" */ = {
			isa = XCConfigurationList;
			buildConfigurations = (
				2BE60C6C274EFC3A0004E268 /* Debug */,
				2BE60C6D274EFC3A0004E268 /* Release */,
			);
			defaultConfigurationIsVisible = 0;
			defaultConfigurationName = Release;
		};
		2BE60C6E274EFC3A0004E268 /* Build configuration list for PBXNativeTarget "BonusFactory" */ = {
			isa = XCConfigurationList;
			buildConfigurations = (
				2BE60C6F274EFC3A0004E268 /* Debug */,
				2BE60C70274EFC3A0004E268 /* Release */,
			);
			defaultConfigurationIsVisible = 0;
			defaultConfigurationName = Release;
		};
/* End XCConfigurationList section */

/* Begin XCRemoteSwiftPackageReference section */
		2BEBE81A2764B4E000082467 /* XCRemoteSwiftPackageReference "firebase-ios-sdk" */ = {
			isa = XCRemoteSwiftPackageReference;
			repositoryURL = "https://github.com/firebase/firebase-ios-sdk";
			requirement = {
				kind = upToNextMajorVersion;
				minimumVersion = 8.10.0;
			};
		};
/* End XCRemoteSwiftPackageReference section */

/* Begin XCSwiftPackageProductDependency section */
		2BEBE81B2764B4E000082467 /* FirebaseFirestore */ = {
			isa = XCSwiftPackageProductDependency;
			package = 2BEBE81A2764B4E000082467 /* XCRemoteSwiftPackageReference "firebase-ios-sdk" */;
			productName = FirebaseFirestore;
		};
		2BEBE81D2764B4E000082467 /* FirebaseAnalyticsWithoutAdIdSupport */ = {
			isa = XCSwiftPackageProductDependency;
			package = 2BEBE81A2764B4E000082467 /* XCRemoteSwiftPackageReference "firebase-ios-sdk" */;
			productName = FirebaseAnalyticsWithoutAdIdSupport;
		};
		2BEBE81F2764B4E000082467 /* FirebaseDatabase */ = {
			isa = XCSwiftPackageProductDependency;
			package = 2BEBE81A2764B4E000082467 /* XCRemoteSwiftPackageReference "firebase-ios-sdk" */;
			productName = FirebaseDatabase;
		};
		2BEBE8212764B4E000082467 /* FirebaseAuthCombine-Community */ = {
			isa = XCSwiftPackageProductDependency;
			package = 2BEBE81A2764B4E000082467 /* XCRemoteSwiftPackageReference "firebase-ios-sdk" */;
			productName = "FirebaseAuthCombine-Community";
		};
		2BEBE8232764B4E000082467 /* FirebaseStorageCombine-Community */ = {
			isa = XCSwiftPackageProductDependency;
			package = 2BEBE81A2764B4E000082467 /* XCRemoteSwiftPackageReference "firebase-ios-sdk" */;
			productName = "FirebaseStorageCombine-Community";
		};
		2BEBE8252764B4E000082467 /* FirebaseStorage */ = {
			isa = XCSwiftPackageProductDependency;
			package = 2BEBE81A2764B4E000082467 /* XCRemoteSwiftPackageReference "firebase-ios-sdk" */;
			productName = FirebaseStorage;
		};
		2BEBE8272764B4E000082467 /* FirebaseFunctions */ = {
			isa = XCSwiftPackageProductDependency;
			package = 2BEBE81A2764B4E000082467 /* XCRemoteSwiftPackageReference "firebase-ios-sdk" */;
			productName = FirebaseFunctions;
		};
		2BEBE8292764B4E000082467 /* FirebaseRemoteConfig */ = {
			isa = XCSwiftPackageProductDependency;
			package = 2BEBE81A2764B4E000082467 /* XCRemoteSwiftPackageReference "firebase-ios-sdk" */;
			productName = FirebaseRemoteConfig;
		};
		2BEBE82B2764B4E000082467 /* FirebaseAuth */ = {
			isa = XCSwiftPackageProductDependency;
			package = 2BEBE81A2764B4E000082467 /* XCRemoteSwiftPackageReference "firebase-ios-sdk" */;
			productName = FirebaseAuth;
		};
		2BEBE82D2764B4E000082467 /* FirebaseFirestoreCombine-Community */ = {
			isa = XCSwiftPackageProductDependency;
			package = 2BEBE81A2764B4E000082467 /* XCRemoteSwiftPackageReference "firebase-ios-sdk" */;
			productName = "FirebaseFirestoreCombine-Community";
		};
/* End XCSwiftPackageProductDependency section */
	};
	rootObject = 2BE60C57274EFC310004E268 /* Project object */;
}
