// !$*UTF8*$!
{
	archiveVersion = 1;
	classes = {
	};
	objectVersion = 52;
	objects = {

/* Begin PBXBuildFile section */
		2B11251F275591FE00C28FAD /* News.swift in Sources */ = {isa = PBXBuildFile; fileRef = 2B11251E275591FE00C28FAD /* News.swift */; };
		2B11252727580FF600C28FAD /* NewsService.swift in Sources */ = {isa = PBXBuildFile; fileRef = 2B11252627580FF600C28FAD /* NewsService.swift */; };
		2B11252A27582AB800C28FAD /* DateFormatter+Date.swift in Sources */ = {isa = PBXBuildFile; fileRef = 2B11252927582AB800C28FAD /* DateFormatter+Date.swift */; };
		2B11252E27582C7D00C28FAD /* QRScene.swift in Sources */ = {isa = PBXBuildFile; fileRef = 2B11252D27582C7D00C28FAD /* QRScene.swift */; };
		2B11253227582C9600C28FAD /* QRViewModel.swift in Sources */ = {isa = PBXBuildFile; fileRef = 2B11253127582C9600C28FAD /* QRViewModel.swift */; };
		2B1E06B1274EFE6000B53E79 /* LoginScene.swift in Sources */ = {isa = PBXBuildFile; fileRef = 2B1E06B0274EFE6000B53E79 /* LoginScene.swift */; };
		2B1E06B8274EFFA100B53E79 /* AuthService.swift in Sources */ = {isa = PBXBuildFile; fileRef = 2B1E06B7274EFFA100B53E79 /* AuthService.swift */; };
		2B1E06BB274EFFDB00B53E79 /* Services.swift in Sources */ = {isa = PBXBuildFile; fileRef = 2B1E06BA274EFFDB00B53E79 /* Services.swift */; };
		2B1E06BE274F012000B53E79 /* LaunchScene.swift in Sources */ = {isa = PBXBuildFile; fileRef = 2B1E06BD274F012000B53E79 /* LaunchScene.swift */; };
		2B1E06CC274F049400B53E79 /* LaunchViewModel.swift in Sources */ = {isa = PBXBuildFile; fileRef = 2B1E06CB274F049400B53E79 /* LaunchViewModel.swift */; };
		2B1E06E4274FEFF600B53E79 /* NetworkManager.swift in Sources */ = {isa = PBXBuildFile; fileRef = 2B1E06E3274FEFF600B53E79 /* NetworkManager.swift */; };
		2B2C015D27502F2300CFCC3B /* LoginViewModel.swift in Sources */ = {isa = PBXBuildFile; fileRef = 2B2C015C27502F2300CFCC3B /* LoginViewModel.swift */; };
		2B81A4CC27504EA2004A2356 /* GoogleService-Info.plist in Resources */ = {isa = PBXBuildFile; fileRef = 2B81A4CB27504EA2004A2356 /* GoogleService-Info.plist */; };
		2B81A4DE275156A5004A2356 /* ConfirmSMSScene.swift in Sources */ = {isa = PBXBuildFile; fileRef = 2B81A4DD275156A5004A2356 /* ConfirmSMSScene.swift */; };
		2B81A4E2275156BE004A2356 /* ConfirmSMSViewModel.swift in Sources */ = {isa = PBXBuildFile; fileRef = 2B81A4E1275156BE004A2356 /* ConfirmSMSViewModel.swift */; };
		2B81A4E6275285F1004A2356 /* DataService.swift in Sources */ = {isa = PBXBuildFile; fileRef = 2B81A4E5275285F1004A2356 /* DataService.swift */; };
		2B93BDE327503F0D0006BF24 /* LoginRouter.swift in Sources */ = {isa = PBXBuildFile; fileRef = 2B93BDE227503F0D0006BF24 /* LoginRouter.swift */; };
		2B93BDE627503F2E0006BF24 /* AppRouter.swift in Sources */ = {isa = PBXBuildFile; fileRef = 2B93BDE527503F2E0006BF24 /* AppRouter.swift */; };
		2B93BDE927503FEC0006BF24 /* Logger.swift in Sources */ = {isa = PBXBuildFile; fileRef = 2B93BDE827503FEC0006BF24 /* Logger.swift */; };
		2B93BDF2275043E60006BF24 /* TabBarRouter.swift in Sources */ = {isa = PBXBuildFile; fileRef = 2B93BDF1275043E60006BF24 /* TabBarRouter.swift */; };
		2BE60C63274EFC310004E268 /* BonusFactoryApp.swift in Sources */ = {isa = PBXBuildFile; fileRef = 2BE60C62274EFC310004E268 /* BonusFactoryApp.swift */; };
		2BE60C67274EFC3A0004E268 /* Assets.xcassets in Resources */ = {isa = PBXBuildFile; fileRef = 2BE60C66274EFC3A0004E268 /* Assets.xcassets */; };
		2BE60C6A274EFC3A0004E268 /* Preview Assets.xcassets in Resources */ = {isa = PBXBuildFile; fileRef = 2BE60C69274EFC3A0004E268 /* Preview Assets.xcassets */; };
		2BE8CFF327528946001C3CB4 /* FirebaseAnalyticsWithoutAdIdSupport in Frameworks */ = {isa = PBXBuildFile; productRef = 2BE8CFF227528946001C3CB4 /* FirebaseAnalyticsWithoutAdIdSupport */; };
		2BE8CFF527528946001C3CB4 /* FirebaseAuth in Frameworks */ = {isa = PBXBuildFile; productRef = 2BE8CFF427528946001C3CB4 /* FirebaseAuth */; };
		2BE8CFF727528946001C3CB4 /* FirebaseFirestore in Frameworks */ = {isa = PBXBuildFile; productRef = 2BE8CFF627528946001C3CB4 /* FirebaseFirestore */; };
		2BE8CFFA27543B22001C3CB4 /* ProfileService.swift in Sources */ = {isa = PBXBuildFile; fileRef = 2BE8CFF927543B22001C3CB4 /* ProfileService.swift */; };
		2BE8CFFD27543C0B001C3CB4 /* DataManager.swif.swift in Sources */ = {isa = PBXBuildFile; fileRef = 2BE8CFFC27543C0B001C3CB4 /* DataManager.swif.swift */; };
		2BE8D0012754F45D001C3CB4 /* DashboardScene.swift in Sources */ = {isa = PBXBuildFile; fileRef = 2BE8D0002754F45D001C3CB4 /* DashboardScene.swift */; };
		2BE8D0042754F46B001C3CB4 /* DashboardViewModel.swift in Sources */ = {isa = PBXBuildFile; fileRef = 2BE8D0032754F46B001C3CB4 /* DashboardViewModel.swift */; };
		2BE8D0082754F8AC001C3CB4 /* Profile.swift in Sources */ = {isa = PBXBuildFile; fileRef = 2BE8D0072754F8AC001C3CB4 /* Profile.swift */; };
		2BE8D00C2754FA02001C3CB4 /* CodableExtension.swift in Sources */ = {isa = PBXBuildFile; fileRef = 2BE8D00B2754FA02001C3CB4 /* CodableExtension.swift */; };
		2BE8D01227554ABD001C3CB4 /* OrganizationService.swift in Sources */ = {isa = PBXBuildFile; fileRef = 2BE8D01127554ABD001C3CB4 /* OrganizationService.swift */; };
		2BE8D01527554D87001C3CB4 /* Organization.swift in Sources */ = {isa = PBXBuildFile; fileRef = 2BE8D01427554D87001C3CB4 /* Organization.swift */; };
		2BE8D01827555187001C3CB4 /* EnumDecodable.swift in Sources */ = {isa = PBXBuildFile; fileRef = 2BE8D01727555187001C3CB4 /* EnumDecodable.swift */; };
/* End PBXBuildFile section */

/* Begin PBXFileReference section */
		2B11251E275591FE00C28FAD /* News.swift */ = {isa = PBXFileReference; lastKnownFileType = sourcecode.swift; path = News.swift; sourceTree = "<group>"; };
		2B11252627580FF600C28FAD /* NewsService.swift */ = {isa = PBXFileReference; lastKnownFileType = sourcecode.swift; path = NewsService.swift; sourceTree = "<group>"; };
		2B11252927582AB800C28FAD /* DateFormatter+Date.swift */ = {isa = PBXFileReference; lastKnownFileType = sourcecode.swift; path = "DateFormatter+Date.swift"; sourceTree = "<group>"; };
		2B11252D27582C7D00C28FAD /* QRScene.swift */ = {isa = PBXFileReference; lastKnownFileType = sourcecode.swift; path = QRScene.swift; sourceTree = "<group>"; };
		2B11253127582C9600C28FAD /* QRViewModel.swift */ = {isa = PBXFileReference; lastKnownFileType = sourcecode.swift; path = QRViewModel.swift; sourceTree = "<group>"; };
		2B1E06B0274EFE6000B53E79 /* LoginScene.swift */ = {isa = PBXFileReference; lastKnownFileType = sourcecode.swift; path = LoginScene.swift; sourceTree = "<group>"; };
		2B1E06B7274EFFA100B53E79 /* AuthService.swift */ = {isa = PBXFileReference; lastKnownFileType = sourcecode.swift; path = AuthService.swift; sourceTree = "<group>"; };
		2B1E06BA274EFFDB00B53E79 /* Services.swift */ = {isa = PBXFileReference; lastKnownFileType = sourcecode.swift; path = Services.swift; sourceTree = "<group>"; };
		2B1E06BD274F012000B53E79 /* LaunchScene.swift */ = {isa = PBXFileReference; lastKnownFileType = sourcecode.swift; path = LaunchScene.swift; sourceTree = "<group>"; };
		2B1E06CB274F049400B53E79 /* LaunchViewModel.swift */ = {isa = PBXFileReference; lastKnownFileType = sourcecode.swift; path = LaunchViewModel.swift; sourceTree = "<group>"; };
		2B1E06E3274FEFF600B53E79 /* NetworkManager.swift */ = {isa = PBXFileReference; lastKnownFileType = sourcecode.swift; path = NetworkManager.swift; sourceTree = "<group>"; };
		2B2C015C27502F2300CFCC3B /* LoginViewModel.swift */ = {isa = PBXFileReference; lastKnownFileType = sourcecode.swift; path = LoginViewModel.swift; sourceTree = "<group>"; };
		2B81A4CB27504EA2004A2356 /* GoogleService-Info.plist */ = {isa = PBXFileReference; fileEncoding = 4; lastKnownFileType = text.plist.xml; path = "GoogleService-Info.plist"; sourceTree = "<group>"; };
		2B81A4DD275156A5004A2356 /* ConfirmSMSScene.swift */ = {isa = PBXFileReference; lastKnownFileType = sourcecode.swift; path = ConfirmSMSScene.swift; sourceTree = "<group>"; };
		2B81A4E1275156BE004A2356 /* ConfirmSMSViewModel.swift */ = {isa = PBXFileReference; lastKnownFileType = sourcecode.swift; path = ConfirmSMSViewModel.swift; sourceTree = "<group>"; };
		2B81A4E5275285F1004A2356 /* DataService.swift */ = {isa = PBXFileReference; lastKnownFileType = sourcecode.swift; path = DataService.swift; sourceTree = "<group>"; };
		2B93BDE227503F0D0006BF24 /* LoginRouter.swift */ = {isa = PBXFileReference; lastKnownFileType = sourcecode.swift; path = LoginRouter.swift; sourceTree = "<group>"; };
		2B93BDE527503F2E0006BF24 /* AppRouter.swift */ = {isa = PBXFileReference; lastKnownFileType = sourcecode.swift; path = AppRouter.swift; sourceTree = "<group>"; };
		2B93BDE827503FEC0006BF24 /* Logger.swift */ = {isa = PBXFileReference; fileEncoding = 4; lastKnownFileType = sourcecode.swift; path = Logger.swift; sourceTree = "<group>"; };
		2B93BDF1275043E60006BF24 /* TabBarRouter.swift */ = {isa = PBXFileReference; lastKnownFileType = sourcecode.swift; path = TabBarRouter.swift; sourceTree = "<group>"; };
		2BE60C5F274EFC310004E268 /* BonusFactory.app */ = {isa = PBXFileReference; explicitFileType = wrapper.application; includeInIndex = 0; path = BonusFactory.app; sourceTree = BUILT_PRODUCTS_DIR; };
		2BE60C62274EFC310004E268 /* BonusFactoryApp.swift */ = {isa = PBXFileReference; lastKnownFileType = sourcecode.swift; path = BonusFactoryApp.swift; sourceTree = "<group>"; };
		2BE60C66274EFC3A0004E268 /* Assets.xcassets */ = {isa = PBXFileReference; lastKnownFileType = folder.assetcatalog; path = Assets.xcassets; sourceTree = "<group>"; };
		2BE60C69274EFC3A0004E268 /* Preview Assets.xcassets */ = {isa = PBXFileReference; lastKnownFileType = folder.assetcatalog; path = "Preview Assets.xcassets"; sourceTree = "<group>"; };
		2BE60C6B274EFC3A0004E268 /* Info.plist */ = {isa = PBXFileReference; lastKnownFileType = text.plist.xml; path = Info.plist; sourceTree = "<group>"; };
		2BE8CFF927543B22001C3CB4 /* ProfileService.swift */ = {isa = PBXFileReference; lastKnownFileType = sourcecode.swift; path = ProfileService.swift; sourceTree = "<group>"; };
		2BE8CFFC27543C0B001C3CB4 /* DataManager.swif.swift */ = {isa = PBXFileReference; lastKnownFileType = sourcecode.swift; path = DataManager.swif.swift; sourceTree = "<group>"; };
		2BE8D0002754F45D001C3CB4 /* DashboardScene.swift */ = {isa = PBXFileReference; lastKnownFileType = sourcecode.swift; path = DashboardScene.swift; sourceTree = "<group>"; };
		2BE8D0032754F46B001C3CB4 /* DashboardViewModel.swift */ = {isa = PBXFileReference; lastKnownFileType = sourcecode.swift; path = DashboardViewModel.swift; sourceTree = "<group>"; };
		2BE8D0072754F8AC001C3CB4 /* Profile.swift */ = {isa = PBXFileReference; lastKnownFileType = sourcecode.swift; path = Profile.swift; sourceTree = "<group>"; };
		2BE8D00B2754FA02001C3CB4 /* CodableExtension.swift */ = {isa = PBXFileReference; fileEncoding = 4; lastKnownFileType = sourcecode.swift; path = CodableExtension.swift; sourceTree = "<group>"; };
		2BE8D01127554ABD001C3CB4 /* OrganizationService.swift */ = {isa = PBXFileReference; lastKnownFileType = sourcecode.swift; path = OrganizationService.swift; sourceTree = "<group>"; };
		2BE8D01427554D87001C3CB4 /* Organization.swift */ = {isa = PBXFileReference; lastKnownFileType = sourcecode.swift; path = Organization.swift; sourceTree = "<group>"; };
		2BE8D01727555187001C3CB4 /* EnumDecodable.swift */ = {isa = PBXFileReference; fileEncoding = 4; lastKnownFileType = sourcecode.swift; path = EnumDecodable.swift; sourceTree = "<group>"; };
/* End PBXFileReference section */

/* Begin PBXFrameworksBuildPhase section */
		2BE60C5C274EFC310004E268 /* Frameworks */ = {
			isa = PBXFrameworksBuildPhase;
			buildActionMask = 2147483647;
			files = (
				2BE8CFF327528946001C3CB4 /* FirebaseAnalyticsWithoutAdIdSupport in Frameworks */,
				2BE8CFF527528946001C3CB4 /* FirebaseAuth in Frameworks */,
				2BE8CFF727528946001C3CB4 /* FirebaseFirestore in Frameworks */,
			);
			runOnlyForDeploymentPostprocessing = 0;
		};
/* End PBXFrameworksBuildPhase section */

/* Begin PBXGroup section */
		2B11252C27582C5500C28FAD /* QRScene */ = {
			isa = PBXGroup;
			children = (
				2B11252D27582C7D00C28FAD /* QRScene.swift */,
				2B11253127582C9600C28FAD /* QRViewModel.swift */,
			);
			path = QRScene;
			sourceTree = "<group>";
		};
		2B1E06AD274EFE1300B53E79 /* Scenes */ = {
			isa = PBXGroup;
			children = (
				2B81A4DC27515688004A2356 /* ConfirmSMS */,
				2BE8CFFF2754F443001C3CB4 /* Dashboard */,
				2B1E06AF274EFE3300B53E79 /* Login */,
				2B11252C27582C5500C28FAD /* QRScene */,
				2B1E06C1274F012500B53E79 /* Start */,
			);
			path = Scenes;
			sourceTree = "<group>";
		};
		2B1E06AF274EFE3300B53E79 /* Login */ = {
			isa = PBXGroup;
			children = (
				2B93BDE227503F0D0006BF24 /* LoginRouter.swift */,
				2B1E06B0274EFE6000B53E79 /* LoginScene.swift */,
				2B2C015C27502F2300CFCC3B /* LoginViewModel.swift */,
			);
			path = Login;
			sourceTree = "<group>";
		};
		2B1E06B5274EFF5600B53E79 /* Services */ = {
			isa = PBXGroup;
			children = (
				2B1E06B7274EFFA100B53E79 /* AuthService.swift */,
				2B81A4E5275285F1004A2356 /* DataService.swift */,
				2BE8D01127554ABD001C3CB4 /* OrganizationService.swift */,
				2B1E06BA274EFFDB00B53E79 /* Services.swift */,
				2BE8CFF927543B22001C3CB4 /* ProfileService.swift */,
				2B11252627580FF600C28FAD /* NewsService.swift */,
			);
			path = Services;
			sourceTree = "<group>";
		};
		2B1E06B6274EFF7500B53E79 /* Managers */ = {
			isa = PBXGroup;
			children = (
				2B1E06E3274FEFF600B53E79 /* NetworkManager.swift */,
				2BE8CFFC27543C0B001C3CB4 /* DataManager.swif.swift */,
			);
			path = Managers;
			sourceTree = "<group>";
		};
		2B1E06C1274F012500B53E79 /* Start */ = {
			isa = PBXGroup;
			children = (
				2B1E06BD274F012000B53E79 /* LaunchScene.swift */,
				2B1E06CB274F049400B53E79 /* LaunchViewModel.swift */,
			);
			path = Start;
			sourceTree = "<group>";
		};
		2B1E06CF274F056800B53E79 /* DataLayer */ = {
			isa = PBXGroup;
			children = (
				2B93BDE827503FEC0006BF24 /* Logger.swift */,
				2BE8D00E2754FA06001C3CB4 /* Extensions */,
				2B1E06B6274EFF7500B53E79 /* Managers */,
				2BE8D0062754F896001C3CB4 /* Models */,
				2B1E06B5274EFF5600B53E79 /* Services */,
			);
			path = DataLayer;
			sourceTree = "<group>";
		};
		2B81A4DC27515688004A2356 /* ConfirmSMS */ = {
			isa = PBXGroup;
			children = (
				2B81A4DD275156A5004A2356 /* ConfirmSMSScene.swift */,
				2B81A4E1275156BE004A2356 /* ConfirmSMSViewModel.swift */,
			);
			path = ConfirmSMS;
			sourceTree = "<group>";
		};
		2B93BDF9275045F70006BF24 /* Routers */ = {
			isa = PBXGroup;
			children = (
				2B93BDE527503F2E0006BF24 /* AppRouter.swift */,
				2B93BDF1275043E60006BF24 /* TabBarRouter.swift */,
			);
			path = Routers;
			sourceTree = "<group>";
		};
		2BE60C56274EFC310004E268 = {
			isa = PBXGroup;
			children = (
				2BE60C61274EFC310004E268 /* BonusFactory */,
				2BE60C60274EFC310004E268 /* Products */,
			);
			sourceTree = "<group>";
		};
		2BE60C60274EFC310004E268 /* Products */ = {
			isa = PBXGroup;
			children = (
				2BE60C5F274EFC310004E268 /* BonusFactory.app */,
			);
			name = Products;
			sourceTree = "<group>";
		};
		2BE60C61274EFC310004E268 /* BonusFactory */ = {
			isa = PBXGroup;
			children = (
				2B81A4CB27504EA2004A2356 /* GoogleService-Info.plist */,
				2BE60C6B274EFC3A0004E268 /* Info.plist */,
				2BE60C62274EFC310004E268 /* BonusFactoryApp.swift */,
				2BE60C66274EFC3A0004E268 /* Assets.xcassets */,
				2B1E06CF274F056800B53E79 /* DataLayer */,
				2BE60C68274EFC3A0004E268 /* Preview Content */,
				2B93BDF9275045F70006BF24 /* Routers */,
				2B1E06AD274EFE1300B53E79 /* Scenes */,
			);
			path = BonusFactory;
			sourceTree = "<group>";
		};
		2BE60C68274EFC3A0004E268 /* Preview Content */ = {
			isa = PBXGroup;
			children = (
				2BE60C69274EFC3A0004E268 /* Preview Assets.xcassets */,
			);
			path = "Preview Content";
			sourceTree = "<group>";
		};
		2BE8CFFF2754F443001C3CB4 /* Dashboard */ = {
			isa = PBXGroup;
			children = (
				2BE8D0002754F45D001C3CB4 /* DashboardScene.swift */,
				2BE8D0032754F46B001C3CB4 /* DashboardViewModel.swift */,
			);
			path = Dashboard;
			sourceTree = "<group>";
		};
		2BE8D0062754F896001C3CB4 /* Models */ = {
			isa = PBXGroup;
			children = (
				2BE8D0072754F8AC001C3CB4 /* Profile.swift */,
				2BE8D01427554D87001C3CB4 /* Organization.swift */,
				2B11251E275591FE00C28FAD /* News.swift */,
			);
			path = Models;
			sourceTree = "<group>";
		};
		2BE8D00E2754FA06001C3CB4 /* Extensions */ = {
			isa = PBXGroup;
			children = (
				2BE8D00B2754FA02001C3CB4 /* CodableExtension.swift */,
				2B11252927582AB800C28FAD /* DateFormatter+Date.swift */,
				2BE8D01727555187001C3CB4 /* EnumDecodable.swift */,
			);
			path = Extensions;
			sourceTree = "<group>";
		};
/* End PBXGroup section */

/* Begin PBXNativeTarget section */
		2BE60C5E274EFC310004E268 /* BonusFactory */ = {
			isa = PBXNativeTarget;
			buildConfigurationList = 2BE60C6E274EFC3A0004E268 /* Build configuration list for PBXNativeTarget "BonusFactory" */;
			buildPhases = (
				2BE60C5B274EFC310004E268 /* Sources */,
				2BE60C5C274EFC310004E268 /* Frameworks */,
				2BE60C5D274EFC310004E268 /* Resources */,
			);
			buildRules = (
			);
			dependencies = (
			);
			name = BonusFactory;
			packageProductDependencies = (
				2BE8CFF227528946001C3CB4 /* FirebaseAnalyticsWithoutAdIdSupport */,
				2BE8CFF427528946001C3CB4 /* FirebaseAuth */,
				2BE8CFF627528946001C3CB4 /* FirebaseFirestore */,
			);
			productName = BonusFactory;
			productReference = 2BE60C5F274EFC310004E268 /* BonusFactory.app */;
			productType = "com.apple.product-type.application";
		};
/* End PBXNativeTarget section */

/* Begin PBXProject section */
		2BE60C57274EFC310004E268 /* Project object */ = {
			isa = PBXProject;
			attributes = {
				LastSwiftUpdateCheck = 1240;
				LastUpgradeCheck = 1240;
				TargetAttributes = {
					2BE60C5E274EFC310004E268 = {
						CreatedOnToolsVersion = 12.4;
					};
				};
			};
			buildConfigurationList = 2BE60C5A274EFC310004E268 /* Build configuration list for PBXProject "BonusFactory" */;
			compatibilityVersion = "Xcode 9.3";
			developmentRegion = en;
			hasScannedForEncodings = 0;
			knownRegions = (
				en,
				Base,
			);
			mainGroup = 2BE60C56274EFC310004E268;
			packageReferences = (
				2BE8CFF127528946001C3CB4 /* XCRemoteSwiftPackageReference "firebase-ios-sdk" */,
			);
			productRefGroup = 2BE60C60274EFC310004E268 /* Products */;
			projectDirPath = "";
			projectRoot = "";
			targets = (
				2BE60C5E274EFC310004E268 /* BonusFactory */,
			);
		};
/* End PBXProject section */

/* Begin PBXResourcesBuildPhase section */
		2BE60C5D274EFC310004E268 /* Resources */ = {
			isa = PBXResourcesBuildPhase;
			buildActionMask = 2147483647;
			files = (
				2BE60C6A274EFC3A0004E268 /* Preview Assets.xcassets in Resources */,
				2BE60C67274EFC3A0004E268 /* Assets.xcassets in Resources */,
				2B81A4CC27504EA2004A2356 /* GoogleService-Info.plist in Resources */,
			);
			runOnlyForDeploymentPostprocessing = 0;
		};
/* End PBXResourcesBuildPhase section */

/* Begin PBXSourcesBuildPhase section */
		2BE60C5B274EFC310004E268 /* Sources */ = {
			isa = PBXSourcesBuildPhase;
			buildActionMask = 2147483647;
			files = (
				2B1E06BB274EFFDB00B53E79 /* Services.swift in Sources */,
				2B1E06E4274FEFF600B53E79 /* NetworkManager.swift in Sources */,
				2BE8D0082754F8AC001C3CB4 /* Profile.swift in Sources */,
				2B1E06BE274F012000B53E79 /* LaunchScene.swift in Sources */,
				2BE8D0012754F45D001C3CB4 /* DashboardScene.swift in Sources */,
				2BE8D0042754F46B001C3CB4 /* DashboardViewModel.swift in Sources */,
				2BE8D01827555187001C3CB4 /* EnumDecodable.swift in Sources */,
				2B81A4E2275156BE004A2356 /* ConfirmSMSViewModel.swift in Sources */,
				2B1E06CC274F049400B53E79 /* LaunchViewModel.swift in Sources */,
				2B11253227582C9600C28FAD /* QRViewModel.swift in Sources */,
				2B93BDF2275043E60006BF24 /* TabBarRouter.swift in Sources */,
				2BE8CFFD27543C0B001C3CB4 /* DataManager.swif.swift in Sources */,
				2BE8D01227554ABD001C3CB4 /* OrganizationService.swift in Sources */,
				2B11252A27582AB800C28FAD /* DateFormatter+Date.swift in Sources */,
				2B2C015D27502F2300CFCC3B /* LoginViewModel.swift in Sources */,
				2B1E06B1274EFE6000B53E79 /* LoginScene.swift in Sources */,
				2B81A4DE275156A5004A2356 /* ConfirmSMSScene.swift in Sources */,
				2BE8D01527554D87001C3CB4 /* Organization.swift in Sources */,
				2B81A4E6275285F1004A2356 /* DataService.swift in Sources */,
				2BE8D00C2754FA02001C3CB4 /* CodableExtension.swift in Sources */,
				2B11251F275591FE00C28FAD /* News.swift in Sources */,
				2B93BDE927503FEC0006BF24 /* Logger.swift in Sources */,
				2B11252E27582C7D00C28FAD /* QRScene.swift in Sources */,
				2B11252727580FF600C28FAD /* NewsService.swift in Sources */,
				2B93BDE627503F2E0006BF24 /* AppRouter.swift in Sources */,
				2BE8CFFA27543B22001C3CB4 /* ProfileService.swift in Sources */,
				2BE60C63274EFC310004E268 /* BonusFactoryApp.swift in Sources */,
				2B93BDE327503F0D0006BF24 /* LoginRouter.swift in Sources */,
				2B1E06B8274EFFA100B53E79 /* AuthService.swift in Sources */,
			);
			runOnlyForDeploymentPostprocessing = 0;
		};
/* End PBXSourcesBuildPhase section */

/* Begin XCBuildConfiguration section */
		2BE60C6C274EFC3A0004E268 /* Debug */ = {
			isa = XCBuildConfiguration;
			buildSettings = {
				ALWAYS_SEARCH_USER_PATHS = NO;
				CLANG_ANALYZER_NONNULL = YES;
				CLANG_ANALYZER_NUMBER_OBJECT_CONVERSION = YES_AGGRESSIVE;
				CLANG_CXX_LANGUAGE_STANDARD = "gnu++14";
				CLANG_CXX_LIBRARY = "libc++";
				CLANG_ENABLE_MODULES = YES;
				CLANG_ENABLE_OBJC_ARC = YES;
				CLANG_ENABLE_OBJC_WEAK = YES;
				CLANG_WARN_BLOCK_CAPTURE_AUTORELEASING = YES;
				CLANG_WARN_BOOL_CONVERSION = YES;
				CLANG_WARN_COMMA = YES;
				CLANG_WARN_CONSTANT_CONVERSION = YES;
				CLANG_WARN_DEPRECATED_OBJC_IMPLEMENTATIONS = YES;
				CLANG_WARN_DIRECT_OBJC_ISA_USAGE = YES_ERROR;
				CLANG_WARN_DOCUMENTATION_COMMENTS = YES;
				CLANG_WARN_EMPTY_BODY = YES;
				CLANG_WARN_ENUM_CONVERSION = YES;
				CLANG_WARN_INFINITE_RECURSION = YES;
				CLANG_WARN_INT_CONVERSION = YES;
				CLANG_WARN_NON_LITERAL_NULL_CONVERSION = YES;
				CLANG_WARN_OBJC_IMPLICIT_RETAIN_SELF = YES;
				CLANG_WARN_OBJC_LITERAL_CONVERSION = YES;
				CLANG_WARN_OBJC_ROOT_CLASS = YES_ERROR;
				CLANG_WARN_QUOTED_INCLUDE_IN_FRAMEWORK_HEADER = YES;
				CLANG_WARN_RANGE_LOOP_ANALYSIS = YES;
				CLANG_WARN_STRICT_PROTOTYPES = YES;
				CLANG_WARN_SUSPICIOUS_MOVE = YES;
				CLANG_WARN_UNGUARDED_AVAILABILITY = YES_AGGRESSIVE;
				CLANG_WARN_UNREACHABLE_CODE = YES;
				CLANG_WARN__DUPLICATE_METHOD_MATCH = YES;
				COPY_PHASE_STRIP = NO;
				DEBUG_INFORMATION_FORMAT = dwarf;
				ENABLE_STRICT_OBJC_MSGSEND = YES;
				ENABLE_TESTABILITY = YES;
				GCC_C_LANGUAGE_STANDARD = gnu11;
				GCC_DYNAMIC_NO_PIC = NO;
				GCC_NO_COMMON_BLOCKS = YES;
				GCC_OPTIMIZATION_LEVEL = 0;
				GCC_PREPROCESSOR_DEFINITIONS = (
					"DEBUG=1",
					"$(inherited)",
				);
				GCC_WARN_64_TO_32_BIT_CONVERSION = YES;
				GCC_WARN_ABOUT_RETURN_TYPE = YES_ERROR;
				GCC_WARN_UNDECLARED_SELECTOR = YES;
				GCC_WARN_UNINITIALIZED_AUTOS = YES_AGGRESSIVE;
				GCC_WARN_UNUSED_FUNCTION = YES;
				GCC_WARN_UNUSED_VARIABLE = YES;
				IPHONEOS_DEPLOYMENT_TARGET = 14.4;
				MTL_ENABLE_DEBUG_INFO = INCLUDE_SOURCE;
				MTL_FAST_MATH = YES;
				ONLY_ACTIVE_ARCH = YES;
				SDKROOT = iphoneos;
				SWIFT_ACTIVE_COMPILATION_CONDITIONS = DEBUG;
				SWIFT_OPTIMIZATION_LEVEL = "-Onone";
			};
			name = Debug;
		};
		2BE60C6D274EFC3A0004E268 /* Release */ = {
			isa = XCBuildConfiguration;
			buildSettings = {
				ALWAYS_SEARCH_USER_PATHS = NO;
				CLANG_ANALYZER_NONNULL = YES;
				CLANG_ANALYZER_NUMBER_OBJECT_CONVERSION = YES_AGGRESSIVE;
				CLANG_CXX_LANGUAGE_STANDARD = "gnu++14";
				CLANG_CXX_LIBRARY = "libc++";
				CLANG_ENABLE_MODULES = YES;
				CLANG_ENABLE_OBJC_ARC = YES;
				CLANG_ENABLE_OBJC_WEAK = YES;
				CLANG_WARN_BLOCK_CAPTURE_AUTORELEASING = YES;
				CLANG_WARN_BOOL_CONVERSION = YES;
				CLANG_WARN_COMMA = YES;
				CLANG_WARN_CONSTANT_CONVERSION = YES;
				CLANG_WARN_DEPRECATED_OBJC_IMPLEMENTATIONS = YES;
				CLANG_WARN_DIRECT_OBJC_ISA_USAGE = YES_ERROR;
				CLANG_WARN_DOCUMENTATION_COMMENTS = YES;
				CLANG_WARN_EMPTY_BODY = YES;
				CLANG_WARN_ENUM_CONVERSION = YES;
				CLANG_WARN_INFINITE_RECURSION = YES;
				CLANG_WARN_INT_CONVERSION = YES;
				CLANG_WARN_NON_LITERAL_NULL_CONVERSION = YES;
				CLANG_WARN_OBJC_IMPLICIT_RETAIN_SELF = YES;
				CLANG_WARN_OBJC_LITERAL_CONVERSION = YES;
				CLANG_WARN_OBJC_ROOT_CLASS = YES_ERROR;
				CLANG_WARN_QUOTED_INCLUDE_IN_FRAMEWORK_HEADER = YES;
				CLANG_WARN_RANGE_LOOP_ANALYSIS = YES;
				CLANG_WARN_STRICT_PROTOTYPES = YES;
				CLANG_WARN_SUSPICIOUS_MOVE = YES;
				CLANG_WARN_UNGUARDED_AVAILABILITY = YES_AGGRESSIVE;
				CLANG_WARN_UNREACHABLE_CODE = YES;
				CLANG_WARN__DUPLICATE_METHOD_MATCH = YES;
				COPY_PHASE_STRIP = NO;
				DEBUG_INFORMATION_FORMAT = "dwarf-with-dsym";
				ENABLE_NS_ASSERTIONS = NO;
				ENABLE_STRICT_OBJC_MSGSEND = YES;
				GCC_C_LANGUAGE_STANDARD = gnu11;
				GCC_NO_COMMON_BLOCKS = YES;
				GCC_WARN_64_TO_32_BIT_CONVERSION = YES;
				GCC_WARN_ABOUT_RETURN_TYPE = YES_ERROR;
				GCC_WARN_UNDECLARED_SELECTOR = YES;
				GCC_WARN_UNINITIALIZED_AUTOS = YES_AGGRESSIVE;
				GCC_WARN_UNUSED_FUNCTION = YES;
				GCC_WARN_UNUSED_VARIABLE = YES;
				IPHONEOS_DEPLOYMENT_TARGET = 14.4;
				MTL_ENABLE_DEBUG_INFO = NO;
				MTL_FAST_MATH = YES;
				SDKROOT = iphoneos;
				SWIFT_COMPILATION_MODE = wholemodule;
				SWIFT_OPTIMIZATION_LEVEL = "-O";
				VALIDATE_PRODUCT = YES;
			};
			name = Release;
		};
		2BE60C6F274EFC3A0004E268 /* Debug */ = {
			isa = XCBuildConfiguration;
			buildSettings = {
				ASSETCATALOG_COMPILER_APPICON_NAME = AppIcon;
				ASSETCATALOG_COMPILER_GLOBAL_ACCENT_COLOR_NAME = AccentColor;
				CODE_SIGN_STYLE = Automatic;
				DEVELOPMENT_ASSET_PATHS = "\"BonusFactory/Preview Content\"";
				DEVELOPMENT_TEAM = 2GS3DZHCM6;
				ENABLE_PREVIEWS = YES;
				INFOPLIST_FILE = BonusFactory/Info.plist;
				IPHONEOS_DEPLOYMENT_TARGET = 14.0;
				LD_RUNPATH_SEARCH_PATHS = (
					"$(inherited)",
					"@executable_path/Frameworks",
				);
				PRODUCT_BUNDLE_IDENTIFIER = pam.BonusFactory;
				PRODUCT_NAME = "$(TARGET_NAME)";
				SWIFT_VERSION = 5.0;
				TARGETED_DEVICE_FAMILY = "1,2";
			};
			name = Debug;
		};
		2BE60C70274EFC3A0004E268 /* Release */ = {
			isa = XCBuildConfiguration;
			buildSettings = {
				ASSETCATALOG_COMPILER_APPICON_NAME = AppIcon;
				ASSETCATALOG_COMPILER_GLOBAL_ACCENT_COLOR_NAME = AccentColor;
				CODE_SIGN_STYLE = Automatic;
				DEVELOPMENT_ASSET_PATHS = "\"BonusFactory/Preview Content\"";
				DEVELOPMENT_TEAM = 2GS3DZHCM6;
				ENABLE_PREVIEWS = YES;
				INFOPLIST_FILE = BonusFactory/Info.plist;
				IPHONEOS_DEPLOYMENT_TARGET = 14.0;
				LD_RUNPATH_SEARCH_PATHS = (
					"$(inherited)",
					"@executable_path/Frameworks",
				);
				PRODUCT_BUNDLE_IDENTIFIER = pam.BonusFactory;
				PRODUCT_NAME = "$(TARGET_NAME)";
				SWIFT_VERSION = 5.0;
				TARGETED_DEVICE_FAMILY = "1,2";
			};
			name = Release;
		};
/* End XCBuildConfiguration section */

/* Begin XCConfigurationList section */
		2BE60C5A274EFC310004E268 /* Build configuration list for PBXProject "BonusFactory" */ = {
			isa = XCConfigurationList;
			buildConfigurations = (
				2BE60C6C274EFC3A0004E268 /* Debug */,
				2BE60C6D274EFC3A0004E268 /* Release */,
			);
			defaultConfigurationIsVisible = 0;
			defaultConfigurationName = Release;
		};
		2BE60C6E274EFC3A0004E268 /* Build configuration list for PBXNativeTarget "BonusFactory" */ = {
			isa = XCConfigurationList;
			buildConfigurations = (
				2BE60C6F274EFC3A0004E268 /* Debug */,
				2BE60C70274EFC3A0004E268 /* Release */,
			);
			defaultConfigurationIsVisible = 0;
			defaultConfigurationName = Release;
		};
/* End XCConfigurationList section */

/* Begin XCRemoteSwiftPackageReference section */
		2BE8CFF127528946001C3CB4 /* XCRemoteSwiftPackageReference "firebase-ios-sdk" */ = {
			isa = XCRemoteSwiftPackageReference;
			repositoryURL = "https://github.com/firebase/firebase-ios-sdk";
			requirement = {
				kind = upToNextMajorVersion;
				minimumVersion = 8.9.1;
			};
		};
/* End XCRemoteSwiftPackageReference section */

/* Begin XCSwiftPackageProductDependency section */
		2BE8CFF227528946001C3CB4 /* FirebaseAnalyticsWithoutAdIdSupport */ = {
			isa = XCSwiftPackageProductDependency;
			package = 2BE8CFF127528946001C3CB4 /* XCRemoteSwiftPackageReference "firebase-ios-sdk" */;
			productName = FirebaseAnalyticsWithoutAdIdSupport;
		};
		2BE8CFF427528946001C3CB4 /* FirebaseAuth */ = {
			isa = XCSwiftPackageProductDependency;
			package = 2BE8CFF127528946001C3CB4 /* XCRemoteSwiftPackageReference "firebase-ios-sdk" */;
			productName = FirebaseAuth;
		};
		2BE8CFF627528946001C3CB4 /* FirebaseFirestore */ = {
			isa = XCSwiftPackageProductDependency;
			package = 2BE8CFF127528946001C3CB4 /* XCRemoteSwiftPackageReference "firebase-ios-sdk" */;
			productName = FirebaseFirestore;
		};
/* End XCSwiftPackageProductDependency section */
	};
	rootObject = 2BE60C57274EFC310004E268 /* Project object */;
}
